{
  "name": "task-node",
  "version": "0.0.0",
  "lockfileVersion": 1,
  "requires": true,
  "dependencies": {
    "@babel/helper-validator-identifier": {
      "version": "7.16.7",
      "resolved": "http://10.20.128.20:7000/@babel/helper-validator-identifier/download/@babel/helper-validator-identifier-7.16.7.tgz",
      "integrity": "sha1-6MYCQ4xKgZV1EkPakDHRYH0kfK0=",
      "dev": true
    },
    "@babel/parser": {
      "version": "7.17.3",
      "resolved": "http://10.20.128.20:7000/@babel/parser/download/@babel/parser-7.17.3.tgz",
      "integrity": "sha1-sHcCuYKZC/b9wdpQSaI/7OTFw9A="
    },
    "@babel/types": {
      "version": "7.17.0",
      "resolved": "http://10.20.128.20:7000/@babel/types/download/@babel/types-7.17.0.tgz",
      "integrity": "sha1-qCbjaLzLaz2ErNdqytXA2HNCOQs=",
      "dev": true,
      "requires": {
        "@babel/helper-validator-identifier": "^7.16.7",
        "to-fast-properties": "^2.0.0"
      }
    },
    "@emmetio/abbreviation": {
      "version": "2.2.2",
      "resolved": "http://10.20.128.20:7000/@emmetio/abbreviation/download/@emmetio/abbreviation-2.2.2.tgz",
      "integrity": "sha1-dGdi/Z56jC6mBPWAxi48/iUOaYk=",
      "dev": true,
      "requires": {
        "@emmetio/scanner": "^1.0.0"
      }
    },
    "@emmetio/css-abbreviation": {
      "version": "2.1.4",
      "resolved": "http://10.20.128.20:7000/@emmetio/css-abbreviation/download/@emmetio/css-abbreviation-2.1.4.tgz",
      "integrity": "sha1-kDYuihEizjt29sMVeQfTAYL1P1Q=",
      "dev": true,
      "requires": {
        "@emmetio/scanner": "^1.0.0"
      }
    },
    "@emmetio/scanner": {
      "version": "1.0.0",
      "resolved": "http://10.20.128.20:7000/@emmetio/scanner/download/@emmetio/scanner-1.0.0.tgz",
      "integrity": "sha1-Blsq9iM/50dNRII+PeuJckr0K18=",
      "dev": true
    },
    "@types/node": {
      "version": "17.0.21",
      "resolved": "http://10.20.128.20:7000/@types/node/download/@types/node-17.0.21.tgz",
      "integrity": "sha1-hkuYfAxo0HtDRYRcPmO3Xt0UNkQ=",
      "dev": true
    },
    "@vitejs/plugin-vue": {
      "version": "2.1.0",
      "dev": true
    },
    "@volar/code-gen": {
      "version": "0.29.8",
      "resolved": "http://10.20.128.20:7000/@volar/code-gen/download/@volar/code-gen-0.29.8.tgz",
      "integrity": "sha1-2xpL8pyuuhMSZb7Z2+lqGgtm6jU=",
      "dev": true,
      "requires": {
        "@volar/shared": "0.29.8",
        "@volar/source-map": "0.29.8"
      }
    },
    "@volar/html2pug": {
      "version": "0.29.8",
      "resolved": "http://10.20.128.20:7000/@volar/html2pug/download/@volar/html2pug-0.29.8.tgz",
      "integrity": "sha1-Lpf6KWjc3+DbvGewzSq0xEABhzg=",
      "dev": true,
      "requires": {
        "domelementtype": "^2.2.0",
        "domhandler": "^4.2.2",
        "htmlparser2": "^7.1.2",
        "pug": "^3.0.2"
      }
    },
    "@volar/shared": {
      "version": "0.29.8",
      "resolved": "http://10.20.128.20:7000/@volar/shared/download/@volar/shared-0.29.8.tgz",
      "integrity": "sha1-5jXd8svPMH2pMutLmOM8Mg09KZE=",
      "dev": true,
      "requires": {
        "upath": "^2.0.1",
        "vscode-jsonrpc": "^8.0.0-next.2",
        "vscode-uri": "^3.0.2"
      }
    },
    "@volar/source-map": {
      "version": "0.29.8",
      "resolved": "http://10.20.128.20:7000/@volar/source-map/download/@volar/source-map-0.29.8.tgz",
      "integrity": "sha1-MpmgroauC3K02z5QSZ2LsoXY6bI=",
      "dev": true,
      "requires": {
        "@volar/shared": "0.29.8"
      }
    },
    "@volar/transforms": {
      "version": "0.29.8",
      "resolved": "http://10.20.128.20:7000/@volar/transforms/download/@volar/transforms-0.29.8.tgz",
      "integrity": "sha1-74BwEKyQdyoGXnz1BQm2QztT41U=",
      "dev": true,
      "requires": {
        "@volar/shared": "0.29.8",
        "vscode-languageserver": "^8.0.0-next.2"
      }
    },
    "@volar/vue-code-gen": {
      "version": "0.29.8",
      "resolved": "http://10.20.128.20:7000/@volar/vue-code-gen/download/@volar/vue-code-gen-0.29.8.tgz",
      "integrity": "sha1-MkAdUuJXDXdfzGy8g6vv7vZcSM0=",
      "dev": true,
      "requires": {
        "@volar/code-gen": "0.29.8",
        "@volar/shared": "0.29.8",
        "@volar/source-map": "0.29.8",
        "@vue/compiler-core": "^3.2.21",
        "@vue/compiler-dom": "^3.2.21",
        "@vue/shared": "^3.2.21",
        "upath": "^2.0.1"
      }
    },
    "@vscode/emmet-helper": {
      "version": "2.8.3",
      "resolved": "http://10.20.128.20:7000/@vscode/emmet-helper/download/@vscode/emmet-helper-2.8.3.tgz",
      "integrity": "sha1-98K0pHUdA7zytCHw/OW1IaD2Shg=",
      "dev": true,
      "requires": {
        "emmet": "^2.3.0",
        "jsonc-parser": "^2.3.0",
        "vscode-languageserver-textdocument": "^1.0.1",
        "vscode-languageserver-types": "^3.15.1",
        "vscode-nls": "^5.0.0",
        "vscode-uri": "^2.1.2"
      },
      "dependencies": {
        "vscode-languageserver-types": {
          "version": "3.16.0",
          "resolved": "http://10.20.128.20:7000/vscode-languageserver-types/download/vscode-languageserver-types-3.16.0.tgz",
          "integrity": "sha1-7POT/BIexpdLLaPvsxVWRMUU4kc=",
          "dev": true
        },
        "vscode-uri": {
          "version": "2.1.2",
          "resolved": "http://10.20.128.20:7000/vscode-uri/download/vscode-uri-2.1.2.tgz",
          "integrity": "sha1-yNQN6T61evMfPHFd1lDiyiwJbxw=",
          "dev": true
        }
      }
    },
    "@vue/compiler-core": {
      "version": "3.2.31",
      "resolved": "http://10.20.128.20:7000/@vue/compiler-core/download/@vue/compiler-core-3.2.31.tgz",
      "integrity": "sha1-048Gws+EV0JAO1I6tFlqP9oVLok=",
      "requires": {
        "@babel/parser": "^7.16.4",
        "@vue/shared": "3.2.31",
        "estree-walker": "^2.0.2",
        "source-map": "^0.6.1"
      }
    },
    "@vue/compiler-dom": {
      "version": "3.2.31",
      "resolved": "http://10.20.128.20:7000/@vue/compiler-dom/download/@vue/compiler-dom-3.2.31.tgz",
      "integrity": "sha1-sbffrVXJbIzCuRnNfrX9fk3b8A4=",
      "requires": {
        "@vue/compiler-core": "3.2.31",
        "@vue/shared": "3.2.31"
      }
    },
    "@vue/compiler-sfc": {
      "version": "3.2.31",
      "resolved": "http://10.20.128.20:7000/@vue/compiler-sfc/download/@vue/compiler-sfc-3.2.31.tgz",
      "integrity": "sha1-0Cspw/401ZmlLFrhxpN7TWnxHC8=",
      "requires": {
        "@babel/parser": "^7.16.4",
        "@vue/compiler-core": "3.2.31",
        "@vue/compiler-dom": "3.2.31",
        "@vue/compiler-ssr": "3.2.31",
        "@vue/reactivity-transform": "3.2.31",
        "@vue/shared": "3.2.31",
        "estree-walker": "^2.0.2",
        "magic-string": "^0.25.7",
        "postcss": "^8.1.10",
        "source-map": "^0.6.1"
      }
    },
    "@vue/compiler-ssr": {
      "version": "3.2.31",
      "resolved": "http://10.20.128.20:7000/@vue/compiler-ssr/download/@vue/compiler-ssr-3.2.31.tgz",
      "integrity": "sha1-T6APSGycRYC0CkF3hx671lDsuZw=",
      "requires": {
        "@vue/compiler-dom": "3.2.31",
        "@vue/shared": "3.2.31"
      }
    },
    "@vue/reactivity": {
      "version": "3.2.31",
      "resolved": "http://10.20.128.20:7000/@vue/reactivity/download/@vue/reactivity-3.2.31.tgz",
      "integrity": "sha1-/JCqLN9pVBi3nlNHg6ypDWOka70=",
      "requires": {
        "@vue/shared": "3.2.31"
      }
    },
    "@vue/reactivity-transform": {
      "version": "3.2.31",
      "resolved": "http://10.20.128.20:7000/@vue/reactivity-transform/download/@vue/reactivity-transform-3.2.31.tgz",
      "integrity": "sha1-D1slwk5w7asrYT1TBcRltQ/ACRE=",
      "requires": {
        "@babel/parser": "^7.16.4",
        "@vue/compiler-core": "3.2.31",
        "@vue/shared": "3.2.31",
        "estree-walker": "^2.0.2",
        "magic-string": "^0.25.7"
      }
    },
    "@vue/runtime-core": {
      "version": "3.2.31",
      "resolved": "http://10.20.128.20:7000/@vue/runtime-core/download/@vue/runtime-core-3.2.31.tgz",
      "integrity": "sha1-nShMOC9fmBt6e1lxBSodxO85rHo=",
      "requires": {
        "@vue/reactivity": "3.2.31",
        "@vue/shared": "3.2.31"
      }
    },
    "@vue/runtime-dom": {
      "version": "3.2.31",
      "resolved": "http://10.20.128.20:7000/@vue/runtime-dom/download/@vue/runtime-dom-3.2.31.tgz",
      "integrity": "sha1-ec4BgXyzyvLJ2SP2abc40teVPv8=",
      "requires": {
        "@vue/runtime-core": "3.2.31",
        "@vue/shared": "3.2.31",
        "csstype": "^2.6.8"
      }
    },
    "@vue/server-renderer": {
      "version": "3.2.31",
      "resolved": "http://10.20.128.20:7000/@vue/server-renderer/download/@vue/server-renderer-3.2.31.tgz",
      "integrity": "sha1-IB6dbOc1hH1ZiUA6+B74CWDacUE=",
      "requires": {
        "@vue/compiler-ssr": "3.2.31",
        "@vue/shared": "3.2.31"
      }
    },
    "@vue/shared": {
      "version": "3.2.31",
      "resolved": "http://10.20.128.20:7000/@vue/shared/download/@vue/shared-3.2.31.tgz",
      "integrity": "sha1-yQ3nEm2DPc06THU01TS+L7Qfqk4="
    },
    "acorn": {
      "version": "7.4.1",
      "resolved": "http://10.20.128.20:7000/acorn/download/acorn-7.4.1.tgz",
      "integrity": "sha1-/q7SVZc9LndVW4PbwIhRpsY1IPo=",
      "dev": true
    },
    "asap": {
      "version": "2.0.6",
      "resolved": "http://10.20.128.20:7000/asap/download/asap-2.0.6.tgz",
      "integrity": "sha1-5QNHYR1+aQlDIIu9r+vLwvuGbUY=",
      "dev": true
    },
    "assert-never": {
      "version": "1.2.1",
      "resolved": "http://10.20.128.20:7000/assert-never/download/assert-never-1.2.1.tgz",
      "integrity": "sha1-EfDjY78UYgX7CBk7XHuQ9NHPRP4=",
      "dev": true
    },
    "babel-walk": {
      "version": "3.0.0-canary-5",
      "resolved": "http://10.20.128.20:7000/babel-walk/download/babel-walk-3.0.0-canary-5.tgz",
      "integrity": "sha1-9m7Ncpg1eu5ElV8jWm71QhkQSxE=",
      "dev": true,
      "requires": {
        "@babel/types": "^7.9.6"
      }
    },
    "call-bind": {
      "version": "1.0.2",
      "resolved": "http://10.20.128.20:7000/call-bind/download/call-bind-1.0.2.tgz",
      "integrity": "sha1-sdTonmiBGcPJqQOtMKuy9qkZvjw=",
      "dev": true,
      "requires": {
        "function-bind": "^1.1.1",
        "get-intrinsic": "^1.0.2"
      }
    },
    "character-parser": {
      "version": "2.2.0",
      "resolved": "http://10.20.128.20:7000/character-parser/download/character-parser-2.2.0.tgz",
      "integrity": "sha1-x84o821LzZdE5f/CxfzeHHMmH8A=",
      "dev": true,
      "requires": {
        "is-regex": "^1.0.3"
      }
    },
    "constantinople": {
      "version": "4.0.1",
      "resolved": "http://10.20.128.20:7000/constantinople/download/constantinople-4.0.1.tgz",
      "integrity": "sha1-De8RP6Dk3I3oMzGlz3nIsyUhMVE=",
      "dev": true,
      "requires": {
        "@babel/parser": "^7.6.0",
        "@babel/types": "^7.6.1"
      }
    },
    "copy-anything": {
      "version": "2.0.6",
      "resolved": "http://10.20.128.20:7000/copy-anything/download/copy-anything-2.0.6.tgz",
      "integrity": "sha1-CSRU6pWEp7etVXMGKyqH9ZAPxIA=",
      "requires": {
        "is-what": "^3.14.1"
      }
    },
    "csstype": {
      "version": "2.6.19",
      "resolved": "http://10.20.128.20:7000/csstype/download/csstype-2.6.19.tgz",
      "integrity": "sha1-/utarokCC7OJ4fY2aaXtSQ45HKo="
    },
    "debug": {
      "version": "3.2.7",
      "resolved": "http://10.20.128.20:7000/debug/download/debug-3.2.7.tgz",
      "integrity": "sha1-clgLfpFF+zm2Z2+cXl+xALk0F5o=",
      "optional": true,
      "requires": {
        "ms": "^2.1.1"
      }
    },
    "doctypes": {
      "version": "1.1.0",
      "resolved": "http://10.20.128.20:7000/doctypes/download/doctypes-1.1.0.tgz",
      "integrity": "sha1-6oCxBqh1OHdOijpKWv4pPeSJ4Kk=",
      "dev": true
    },
    "dom-serializer": {
      "version": "1.3.2",
      "resolved": "http://10.20.128.20:7000/dom-serializer/download/dom-serializer-1.3.2.tgz",
      "integrity": "sha1-YgZDfTLO767HFhgDIwx6ILwbTZE=",
      "dev": true,
      "requires": {
        "domelementtype": "^2.0.1",
        "domhandler": "^4.2.0",
        "entities": "^2.0.0"
      },
      "dependencies": {
        "entities": {
          "version": "2.2.0",
          "resolved": "http://10.20.128.20:7000/entities/download/entities-2.2.0.tgz",
          "integrity": "sha1-CY3JDruD2N/6CJ1VJWs1HTTE2lU=",
          "dev": true
        }
      }
    },
    "domelementtype": {
      "version": "2.2.0",
      "resolved": "http://10.20.128.20:7000/domelementtype/download/domelementtype-2.2.0.tgz",
      "integrity": "sha1-mgtsJ4LtahxzI9QiZxg9+b2LHVc=",
      "dev": true
    },
    "domhandler": {
      "version": "4.3.0",
      "resolved": "http://10.20.128.20:7000/domhandler/download/domhandler-4.3.0.tgz",
      "integrity": "sha1-FsZYxibPlmln4wb5ZrQx931KViY=",
      "dev": true,
      "requires": {
        "domelementtype": "^2.2.0"
      }
    },
    "domutils": {
      "version": "2.8.0",
      "resolved": "http://10.20.128.20:7000/domutils/download/domutils-2.8.0.tgz",
      "integrity": "sha1-RDfe9dtuLR9dbuhZvZXKfQIEgTU=",
      "dev": true,
      "requires": {
        "dom-serializer": "^1.0.1",
        "domelementtype": "^2.2.0",
        "domhandler": "^4.2.0"
      }
    },
    "emmet": {
      "version": "2.3.5",
      "resolved": "http://10.20.128.20:7000/emmet/download/emmet-2.3.5.tgz",
      "integrity": "sha1-f4D5w9toMdHuK0WHF7nDagdLGkc=",
      "dev": true,
      "requires": {
        "@emmetio/abbreviation": "^2.2.2",
        "@emmetio/css-abbreviation": "^2.1.4"
      }
    },
    "entities": {
      "version": "3.0.1",
      "resolved": "http://10.20.128.20:7000/entities/download/entities-3.0.1.tgz",
      "integrity": "sha1-K4h8piWF6W2zkDSC0zbBAGwwAdQ=",
      "dev": true
    },
    "errno": {
      "version": "0.1.8",
      "resolved": "http://10.20.128.20:7000/errno/download/errno-0.1.8.tgz",
      "integrity": "sha1-i7Ppx9Rjvkl2/4iPdrSAnrwugR8=",
      "optional": true,
      "requires": {
        "prr": "~1.0.1"
      }
    },
    "esbuild": {
      "version": "0.13.15",
      "resolved": "http://10.20.128.20:7000/esbuild/download/esbuild-0.13.15.tgz",
      "integrity": "sha1-21aogWbuNz+H27LYeY/0SeBFDN8=",
      "dev": true,
      "requires": {
        "esbuild-android-arm64": "0.13.15",
        "esbuild-darwin-64": "0.13.15",
        "esbuild-darwin-arm64": "0.13.15",
        "esbuild-freebsd-64": "0.13.15",
        "esbuild-freebsd-arm64": "0.13.15",
        "esbuild-linux-32": "0.13.15",
        "esbuild-linux-64": "0.13.15",
        "esbuild-linux-arm": "0.13.15",
        "esbuild-linux-arm64": "0.13.15",
        "esbuild-linux-mips64le": "0.13.15",
        "esbuild-linux-ppc64le": "0.13.15",
        "esbuild-netbsd-64": "0.13.15",
        "esbuild-openbsd-64": "0.13.15",
        "esbuild-sunos-64": "0.13.15",
        "esbuild-windows-32": "0.13.15",
        "esbuild-windows-64": "0.13.15",
        "esbuild-windows-arm64": "0.13.15"
      }
    },
    "esbuild-android-arm64": {
      "version": "0.13.15",
      "resolved": "http://10.20.128.20:7000/esbuild-android-arm64/download/esbuild-android-arm64-0.13.15.tgz",
      "integrity": "sha1-P8P/C6t2/jXdI3R2tdKzK7IKPUQ=",
      "dev": true,
      "optional": true
    },
    "esbuild-darwin-64": {
      "version": "0.13.15",
      "resolved": "http://10.20.128.20:7000/esbuild-darwin-64/download/esbuild-darwin-64-0.13.15.tgz",
      "integrity": "sha1-jpFpwWuvRE6s7GDQmyTRGyVajnI=",
      "dev": true,
      "optional": true
    },
    "esbuild-darwin-arm64": {
      "version": "0.13.15",
      "resolved": "http://10.20.128.20:7000/esbuild-darwin-arm64/download/esbuild-darwin-arm64-0.13.15.tgz",
      "integrity": "sha1-Gwf4k7YyEU+AXhiN38pBsrd4Ipo=",
      "dev": true,
      "optional": true
    },
    "esbuild-freebsd-64": {
      "version": "0.13.15",
      "resolved": "http://10.20.128.20:7000/esbuild-freebsd-64/download/esbuild-freebsd-64-0.13.15.tgz",
      "integrity": "sha1-C4t+yhaQyOyUx1aAw4wHJpwfSoU=",
      "dev": true,
      "optional": true
    },
    "esbuild-freebsd-arm64": {
      "version": "0.13.15",
      "resolved": "http://10.20.128.20:7000/esbuild-freebsd-arm64/download/esbuild-freebsd-arm64-0.13.15.tgz",
      "integrity": "sha1-LhpsaWv9zSCplXi3Y1C0HbGTTlI=",
      "dev": true,
      "optional": true
    },
    "esbuild-linux-32": {
      "version": "0.13.15",
      "resolved": "http://10.20.128.20:7000/esbuild-linux-32/download/esbuild-linux-32-0.13.15.tgz",
      "integrity": "sha1-b9OfNvxm3UW2tfUVcox7vrw0Kmk=",
      "dev": true,
      "optional": true
    },
    "esbuild-linux-64": {
      "version": "0.13.15",
      "resolved": "http://10.20.128.20:7000/esbuild-linux-64/download/esbuild-linux-64-0.13.15.tgz",
      "integrity": "sha1-nLjkvNdXTmeUbk7l8fHhI4a7bdM=",
      "dev": true,
      "optional": true
    },
    "esbuild-linux-arm": {
      "version": "0.13.15",
      "resolved": "http://10.20.128.20:7000/esbuild-linux-arm/download/esbuild-linux-arm-0.13.15.tgz",
      "integrity": "sha1-igDpnmoMbJprfzNIQTZNiitK7P4=",
      "dev": true,
      "optional": true
    },
    "esbuild-linux-arm64": {
      "version": "0.13.15",
      "resolved": "http://10.20.128.20:7000/esbuild-linux-arm64/download/esbuild-linux-arm64-0.13.15.tgz",
      "integrity": "sha1-OJGqNwTsV5obktKlhhIuW2or+6E=",
      "dev": true,
      "optional": true
    },
    "esbuild-linux-mips64le": {
      "version": "0.13.15",
      "resolved": "http://10.20.128.20:7000/esbuild-linux-mips64le/download/esbuild-linux-mips64le-0.13.15.tgz",
      "integrity": "sha1-NrB8xHw9IeSNs7sfTZ749Grq1Pc=",
      "dev": true,
      "optional": true
    },
    "esbuild-linux-ppc64le": {
      "version": "0.13.15",
      "resolved": "http://10.20.128.20:7000/esbuild-linux-ppc64le/download/esbuild-linux-ppc64le-0.13.15.tgz",
      "integrity": "sha1-9+a7pAuaEeudyuWwFVDqBGcO2tI=",
      "dev": true,
      "optional": true
    },
    "esbuild-netbsd-64": {
      "version": "0.13.15",
      "resolved": "http://10.20.128.20:7000/esbuild-netbsd-64/download/esbuild-netbsd-64-0.13.15.tgz",
      "integrity": "sha1-ov7cVJwrYp1YCnMthAcSsI1EADg=",
      "dev": true,
      "optional": true
    },
    "esbuild-openbsd-64": {
      "version": "0.13.15",
      "resolved": "http://10.20.128.20:7000/esbuild-openbsd-64/download/esbuild-openbsd-64-0.13.15.tgz",
      "integrity": "sha1-siwOWAbTofvwMlhyA3+IUwawXNc=",
      "dev": true,
      "optional": true
    },
    "esbuild-sunos-64": {
      "version": "0.13.15",
      "resolved": "http://10.20.128.20:7000/esbuild-sunos-64/download/esbuild-sunos-64-0.13.15.tgz",
      "integrity": "sha1-0LZFSog3XujTlk2u/1XIXJHHzvQ=",
      "dev": true,
      "optional": true
    },
    "esbuild-windows-32": {
      "version": "0.13.15",
      "resolved": "http://10.20.128.20:7000/esbuild-windows-32/download/esbuild-windows-32-0.13.15.tgz",
      "integrity": "sha1-yW0Lm7tS8zAzIlgu+OSEfFrTdac=",
      "dev": true,
      "optional": true
    },
    "esbuild-windows-64": {
      "version": "0.13.15",
      "resolved": "http://10.20.128.20:7000/esbuild-windows-64/download/esbuild-windows-64-0.13.15.tgz",
      "integrity": "sha1-H3nLmx4bsC+yXNQUy5DU6iiSwpQ=",
      "dev": true,
      "optional": true
    },
    "esbuild-windows-arm64": {
      "version": "0.13.15",
      "resolved": "http://10.20.128.20:7000/esbuild-windows-arm64/download/esbuild-windows-arm64-0.13.15.tgz",
      "integrity": "sha1-SCFzBwgQ3yKnUsaGUJw3DDvjs8M=",
      "dev": true,
      "optional": true
    },
    "estree-walker": {
      "version": "2.0.2",
      "resolved": "http://10.20.128.20:7000/estree-walker/download/estree-walker-2.0.2.tgz",
      "integrity": "sha1-UvAQF4wqTBF6d1fP6UKtt9LaTKw="
    },
    "fsevents": {
      "version": "2.3.2",
      "resolved": "http://10.20.128.20:7000/fsevents/download/fsevents-2.3.2.tgz",
      "integrity": "sha1-ilJveLj99GI7cJ4Ll1xSwkwC/Ro=",
      "dev": true,
      "optional": true
    },
    "function-bind": {
      "version": "1.1.1",
      "resolved": "http://10.20.128.20:7000/function-bind/download/function-bind-1.1.1.tgz",
      "integrity": "sha1-pWiZ0+o8m6uHS7l3O3xe3pL0iV0=",
      "dev": true
    },
    "get-intrinsic": {
      "version": "1.1.1",
      "resolved": "http://10.20.128.20:7000/get-intrinsic/download/get-intrinsic-1.1.1.tgz",
      "integrity": "sha1-FfWfN2+FXERpY5SPDSTNNje0q8Y=",
      "dev": true,
      "requires": {
        "function-bind": "^1.1.1",
        "has": "^1.0.3",
        "has-symbols": "^1.0.1"
      }
    },
    "graceful-fs": {
      "version": "4.2.9",
      "resolved": "http://10.20.128.20:7000/graceful-fs/download/graceful-fs-4.2.9.tgz",
      "integrity": "sha1-BBsF30V1Xlh6JJQiebnRExRuHJY=",
      "optional": true
    },
    "has": {
      "version": "1.0.3",
      "resolved": "http://10.20.128.20:7000/has/download/has-1.0.3.tgz",
      "integrity": "sha1-ci18v8H2qoJB8W3YFOAR4fQeh5Y=",
      "dev": true,
      "requires": {
        "function-bind": "^1.1.1"
      }
    },
    "has-symbols": {
      "version": "1.0.2",
      "resolved": "http://10.20.128.20:7000/has-symbols/download/has-symbols-1.0.2.tgz",
      "integrity": "sha1-Fl0wcMADCXUqEjakeTMeOsVvFCM=",
      "dev": true
    },
    "has-tostringtag": {
      "version": "1.0.0",
      "resolved": "http://10.20.128.20:7000/has-tostringtag/download/has-tostringtag-1.0.0.tgz",
      "integrity": "sha1-fhM4GKfTlHNPlB5zw9P5KR5liyU=",
      "dev": true,
      "requires": {
        "has-symbols": "^1.0.2"
      }
    },
    "htmlparser2": {
      "version": "7.2.0",
      "resolved": "http://10.20.128.20:7000/htmlparser2/download/htmlparser2-7.2.0.tgz",
      "integrity": "sha1-iBfN6ji7wyQ5KpCxmQkI6Bpl9aU=",
      "dev": true,
      "requires": {
        "domelementtype": "^2.0.1",
        "domhandler": "^4.2.2",
        "domutils": "^2.8.0",
        "entities": "^3.0.1"
      }
    },
    "iconv-lite": {
      "version": "0.4.24",
      "resolved": "http://10.20.128.20:7000/iconv-lite/download/iconv-lite-0.4.24.tgz",
      "integrity": "sha1-ICK0sl+93CHS9SSXSkdKr+czkIs=",
      "optional": true,
      "requires": {
        "safer-buffer": ">= 2.1.2 < 3"
      }
    },
    "image-size": {
      "version": "0.5.5",
      "resolved": "http://10.20.128.20:7000/image-size/download/image-size-0.5.5.tgz",
      "integrity": "sha1-Cd/Uq50g4p6xw+gLiZA3jfnjy5w=",
      "optional": true
    },
    "is-core-module": {
      "version": "2.8.1",
      "resolved": "http://10.20.128.20:7000/is-core-module/download/is-core-module-2.8.1.tgz",
      "integrity": "sha1-9Z/fynAdWHnQprEApAqhVgzichE=",
      "dev": true,
      "requires": {
        "has": "^1.0.3"
      }
    },
    "is-expression": {
      "version": "4.0.0",
      "resolved": "http://10.20.128.20:7000/is-expression/download/is-expression-4.0.0.tgz",
      "integrity": "sha1-wzFVliq/IdCv0lUlFNZ9LsFv0qs=",
      "dev": true,
      "requires": {
        "acorn": "^7.1.1",
        "object-assign": "^4.1.1"
      }
    },
    "is-promise": {
      "version": "2.2.2",
      "resolved": "http://10.20.128.20:7000/is-promise/download/is-promise-2.2.2.tgz",
      "integrity": "sha1-OauVnMv5p3TPB597QMeib3YxNfE=",
      "dev": true
    },
    "is-regex": {
      "version": "1.1.4",
      "resolved": "http://10.20.128.20:7000/is-regex/download/is-regex-1.1.4.tgz",
      "integrity": "sha1-7vVmPNWfpMCuM5UFMj32hUuxWVg=",
      "dev": true,
      "requires": {
        "call-bind": "^1.0.2",
        "has-tostringtag": "^1.0.0"
      }
    },
    "is-what": {
      "version": "3.14.1",
      "resolved": "http://10.20.128.20:7000/is-what/download/is-what-3.14.1.tgz",
      "integrity": "sha1-4SIvRt3ahd6tD9HJ3xMXYOd3VcE="
    },
    "js-stringify": {
      "version": "1.0.2",
      "resolved": "http://10.20.128.20:7000/js-stringify/download/js-stringify-1.0.2.tgz",
      "integrity": "sha1-Fzb939lyTyijaCrcYjCufk6Weds=",
      "dev": true
    },
    "jsonc-parser": {
      "version": "2.3.1",
      "resolved": "http://10.20.128.20:7000/jsonc-parser/download/jsonc-parser-2.3.1.tgz",
      "integrity": "sha1-WVSRULEz8u+sykj+nOHsBlmvI0I=",
      "dev": true
    },
    "jstransformer": {
      "version": "1.0.0",
      "resolved": "http://10.20.128.20:7000/jstransformer/download/jstransformer-1.0.0.tgz",
      "integrity": "sha1-7Yvwkh4vPx7U1cGkT2hwntJHIsM=",
      "dev": true,
      "requires": {
        "is-promise": "^2.0.0",
        "promise": "^7.0.1"
      }
    },
    "klona": {
      "version": "2.0.5",
      "resolved": "http://10.20.128.20:7000/klona/download/klona-2.0.5.tgz",
      "integrity": "sha1-0WZXTZAHY5XZljqnqSj6u412r7w="
    },
    "less": {
      "version": "4.1.2",
      "requires": {
        "copy-anything": "^2.0.1",
        "errno": "^0.1.1",
        "graceful-fs": "^4.1.2",
        "image-size": "~0.5.0",
        "make-dir": "^2.1.0",
        "mime": "^1.4.1",
        "needle": "^2.5.2",
        "parse-node-version": "^1.0.1",
        "source-map": "~0.6.0",
        "tslib": "^2.3.0"
      }
    },
    "less-loader": {
      "version": "10.2.0",
      "requires": {
        "klona": "^2.0.4"
      }
    },
    "lru-cache": {
      "version": "6.0.0",
      "resolved": "http://10.20.128.20:7000/lru-cache/download/lru-cache-6.0.0.tgz",
      "integrity": "sha1-bW/mVw69lqr5D8rR2vo7JWbbOpQ=",
      "dev": true,
      "requires": {
        "yallist": "^4.0.0"
      }
    },
    "magic-string": {
      "version": "0.25.7",
      "resolved": "http://10.20.128.20:7000/magic-string/download/magic-string-0.25.7.tgz",
      "integrity": "sha1-P0l9b9NMZpxnmNy4IfLvMfVEUFE=",
      "requires": {
        "sourcemap-codec": "^1.4.4"
      }
    },
    "make-dir": {
      "version": "2.1.0",
      "resolved": "http://10.20.128.20:7000/make-dir/download/make-dir-2.1.0.tgz",
      "integrity": "sha1-XwMQ4YuL6JjMBwCSlaMK5B6R5vU=",
      "optional": true,
      "requires": {
        "pify": "^4.0.1",
        "semver": "^5.6.0"
      }
    },
    "mime": {
      "version": "1.6.0",
      "resolved": "http://10.20.128.20:7000/mime/download/mime-1.6.0.tgz",
      "integrity": "sha1-Ms2eXGRVO9WNGaVor0Uqz/BJgbE=",
      "optional": true
    },
    "ms": {
      "version": "2.1.3",
      "resolved": "http://10.20.128.20:7000/ms/download/ms-2.1.3.tgz",
      "integrity": "sha1-V0yBOM4dK1hh8LRFedut1gxmFbI=",
      "optional": true
    },
    "nanoid": {
      "version": "3.3.1",
      "resolved": "http://10.20.128.20:7000/nanoid/download/nanoid-3.3.1.tgz",
      "integrity": "sha1-Y0ehjKyIr4j1ivCzWUtyPV6ZuzU="
    },
    "needle": {
      "version": "2.9.1",
      "resolved": "http://10.20.128.20:7000/needle/download/needle-2.9.1.tgz",
      "integrity": "sha1-ItHf++NJDCuD4wH3cJtnNs2PJoQ=",
      "optional": true,
      "requires": {
        "debug": "^3.2.6",
        "iconv-lite": "^0.4.4",
        "sax": "^1.2.4"
      }
    },
    "object-assign": {
      "version": "4.1.1",
      "resolved": "http://10.20.128.20:7000/object-assign/download/object-assign-4.1.1.tgz",
      "integrity": "sha1-IQmtx5ZYh8/AXLvUQsrIv7s2CGM=",
      "dev": true
    },
    "parse-node-version": {
      "version": "1.0.1",
      "resolved": "http://10.20.128.20:7000/parse-node-version/download/parse-node-version-1.0.1.tgz",
      "integrity": "sha1-4rXb7eAOf6m8NjYH9TMn6LBzGJs="
    },
    "path-parse": {
      "version": "1.0.7",
      "resolved": "http://10.20.128.20:7000/path-parse/download/path-parse-1.0.7.tgz",
      "integrity": "sha1-+8EUtgykKzDZ2vWFjkvWi77bZzU=",
      "dev": true
    },
    "picocolors": {
      "version": "1.0.0",
      "resolved": "http://10.20.128.20:7000/picocolors/download/picocolors-1.0.0.tgz",
      "integrity": "sha1-y1vcdP8/UYkiNur3nWi8RFZKuBw="
    },
    "pify": {
      "version": "4.0.1",
      "resolved": "http://10.20.128.20:7000/pify/download/pify-4.0.1.tgz",
      "integrity": "sha1-SyzSXFDVmHNcUCkiJP2MbfQeMjE=",
      "optional": true
    },
    "postcss": {
      "version": "8.4.7",
      "resolved": "http://10.20.128.20:7000/postcss/download/postcss-8.4.7.tgz",
      "integrity": "sha1-+ZhiBp7EVB3jhr9X9WYKbHoIdag=",
      "requires": {
        "nanoid": "^3.3.1",
        "picocolors": "^1.0.0",
        "source-map-js": "^1.0.2"
      }
    },
    "promise": {
      "version": "7.3.1",
      "resolved": "http://10.20.128.20:7000/promise/download/promise-7.3.1.tgz",
      "integrity": "sha1-BktyYCsY+Q8pGSuLG8QY/9Hr078=",
      "dev": true,
      "requires": {
        "asap": "~2.0.3"
      }
    },
    "prr": {
      "version": "1.0.1",
      "resolved": "http://10.20.128.20:7000/prr/download/prr-1.0.1.tgz",
      "integrity": "sha1-0/wRS6BplaRexok/SEzrHXj19HY=",
      "optional": true
    },
    "pug": {
      "version": "3.0.2",
      "resolved": "http://10.20.128.20:7000/pug/download/pug-3.0.2.tgz",
      "integrity": "sha1-81xxBzQ0VOQ7wnrg/3bHMbeOpTU=",
      "dev": true,
      "requires": {
        "pug-code-gen": "^3.0.2",
        "pug-filters": "^4.0.0",
        "pug-lexer": "^5.0.1",
        "pug-linker": "^4.0.0",
        "pug-load": "^3.0.0",
        "pug-parser": "^6.0.0",
        "pug-runtime": "^3.0.1",
        "pug-strip-comments": "^2.0.0"
      }
    },
    "pug-attrs": {
      "version": "3.0.0",
      "resolved": "http://10.20.128.20:7000/pug-attrs/download/pug-attrs-3.0.0.tgz",
      "integrity": "sha1-sQRR4DSBZeMfrRzCPr3dncc0fEE=",
      "dev": true,
      "requires": {
        "constantinople": "^4.0.1",
        "js-stringify": "^1.0.2",
        "pug-runtime": "^3.0.0"
      }
    },
    "pug-code-gen": {
      "version": "3.0.2",
      "resolved": "http://10.20.128.20:7000/pug-code-gen/download/pug-code-gen-3.0.2.tgz",
      "integrity": "sha1-rRkPSUMTO/GGtguA3kgxAOEy4s4=",
      "dev": true,
      "requires": {
        "constantinople": "^4.0.1",
        "doctypes": "^1.1.0",
        "js-stringify": "^1.0.2",
        "pug-attrs": "^3.0.0",
        "pug-error": "^2.0.0",
        "pug-runtime": "^3.0.0",
        "void-elements": "^3.1.0",
        "with": "^7.0.0"
      }
    },
    "pug-error": {
      "version": "2.0.0",
      "resolved": "http://10.20.128.20:7000/pug-error/download/pug-error-2.0.0.tgz",
      "integrity": "sha1-XGIXPLCcNN4qLOBPF7it/sdNjKU=",
      "dev": true
    },
    "pug-filters": {
      "version": "4.0.0",
      "resolved": "http://10.20.128.20:7000/pug-filters/download/pug-filters-4.0.0.tgz",
      "integrity": "sha1-0+Sa9bqEcum3pm2YDnB86dLMm14=",
      "dev": true,
      "requires": {
        "constantinople": "^4.0.1",
        "jstransformer": "1.0.0",
        "pug-error": "^2.0.0",
        "pug-walk": "^2.0.0",
        "resolve": "^1.15.1"
      }
    },
    "pug-lexer": {
      "version": "5.0.1",
      "resolved": "http://10.20.128.20:7000/pug-lexer/download/pug-lexer-5.0.1.tgz",
      "integrity": "sha1-rkRijFvvmxkLZlaDsojKkCS4sNU=",
      "dev": true,
      "requires": {
        "character-parser": "^2.2.0",
        "is-expression": "^4.0.0",
        "pug-error": "^2.0.0"
      }
    },
    "pug-linker": {
      "version": "4.0.0",
      "resolved": "http://10.20.128.20:7000/pug-linker/download/pug-linker-4.0.0.tgz",
      "integrity": "sha1-EsvAWU/Fo+Brn8Web5PBRpYqdwg=",
      "dev": true,
      "requires": {
        "pug-error": "^2.0.0",
        "pug-walk": "^2.0.0"
      }
    },
    "pug-load": {
      "version": "3.0.0",
      "resolved": "http://10.20.128.20:7000/pug-load/download/pug-load-3.0.0.tgz",
      "integrity": "sha1-n9nNpSICsIrbEdJWgfufNL1BtmI=",
      "dev": true,
      "requires": {
        "object-assign": "^4.1.1",
        "pug-walk": "^2.0.0"
      }
    },
    "pug-parser": {
      "version": "6.0.0",
      "resolved": "http://10.20.128.20:7000/pug-parser/download/pug-parser-6.0.0.tgz",
      "integrity": "sha1-qP3ANYY6lbLB3F6/Ts+AtOdqEmA=",
      "dev": true,
      "requires": {
        "pug-error": "^2.0.0",
        "token-stream": "1.0.0"
      }
    },
    "pug-runtime": {
      "version": "3.0.1",
      "resolved": "http://10.20.128.20:7000/pug-runtime/download/pug-runtime-3.0.1.tgz",
      "integrity": "sha1-9jaXYgRyPzWoxfb61qzaKhkbg9c=",
      "dev": true
    },
    "pug-strip-comments": {
      "version": "2.0.0",
      "resolved": "http://10.20.128.20:7000/pug-strip-comments/download/pug-strip-comments-2.0.0.tgz",
      "integrity": "sha1-+UsH/WtJVSMzD0kKf1VLT/h2MD4=",
      "dev": true,
      "requires": {
        "pug-error": "^2.0.0"
      }
    },
    "pug-walk": {
      "version": "2.0.0",
      "resolved": "http://10.20.128.20:7000/pug-walk/download/pug-walk-2.0.0.tgz",
      "integrity": "sha1-QXqrwpIyu0SZtbUGmistKiTV9f4=",
      "dev": true
    },
    "request-light": {
      "version": "0.5.7",
      "resolved": "http://10.20.128.20:7000/request-light/download/request-light-0.5.7.tgz",
      "integrity": "sha1-HESMIhU7VdLNJ460FN8kpa1ubV4=",
      "dev": true
    },
    "resolve": {
      "version": "1.22.0",
      "resolved": "http://10.20.128.20:7000/resolve/download/resolve-1.22.0.tgz",
      "integrity": "sha1-XguMZ8Fd9XqJvbq+YDoALyFzEZg=",
      "dev": true,
      "requires": {
        "is-core-module": "^2.8.1",
        "path-parse": "^1.0.7",
        "supports-preserve-symlinks-flag": "^1.0.0"
      }
    },
    "rollup": {
      "version": "2.66.1",
      "resolved": "http://10.20.128.20:7000/rollup/download/rollup-2.66.1.tgz",
      "integrity": "sha1-NmsEBN41PEMx1TjDrSljk0/LSTc=",
      "dev": true,
      "requires": {
        "fsevents": "~2.3.2"
      }
    },
    "safer-buffer": {
      "version": "2.1.2",
      "resolved": "http://10.20.128.20:7000/safer-buffer/download/safer-buffer-2.1.2.tgz",
      "integrity": "sha1-RPoWGwGHuVSd2Eu5GAL5vYOFzWo=",
      "optional": true
    },
    "sax": {
      "version": "1.2.4",
      "resolved": "http://10.20.128.20:7000/sax/download/sax-1.2.4.tgz",
      "integrity": "sha1-KBYjTiN4vdxOU1T6tcqold9xANk=",
      "optional": true
    },
    "semver": {
      "version": "5.7.1",
      "resolved": "http://10.20.128.20:7000/semver/download/semver-5.7.1.tgz",
      "integrity": "sha1-qVT5Ma66UI0we78Gnv8MAclhFvc=",
      "optional": true
    },
    "source-map": {
      "version": "0.6.1",
      "resolved": "http://10.20.128.20:7000/source-map/download/source-map-0.6.1.tgz",
      "integrity": "sha1-dHIq8y6WFOnCh6jQu95IteLxomM="
    },
    "source-map-js": {
      "version": "1.0.2",
      "resolved": "http://10.20.128.20:7000/source-map-js/download/source-map-js-1.0.2.tgz",
      "integrity": "sha1-rbw2HZxi3zgBJefxYfccgm8eSQw="
    },
    "sourcemap-codec": {
      "version": "1.4.8",
      "resolved": "http://10.20.128.20:7000/sourcemap-codec/download/sourcemap-codec-1.4.8.tgz",
      "integrity": "sha1-6oBL2UhXQC5pktBaOO8a41qatMQ="
    },
    "supports-preserve-symlinks-flag": {
      "version": "1.0.0",
      "resolved": "http://10.20.128.20:7000/supports-preserve-symlinks-flag/download/supports-preserve-symlinks-flag-1.0.0.tgz",
      "integrity": "sha1-btpL00SjyUrqN21MwxvHcxEDngk=",
      "dev": true
    },
    "to-fast-properties": {
      "version": "2.0.0",
      "resolved": "http://10.20.128.20:7000/to-fast-properties/download/to-fast-properties-2.0.0.tgz",
      "integrity": "sha1-3F5pjL0HkmW8c+A3doGk5Og/YW4=",
      "dev": true
    },
    "token-stream": {
      "version": "1.0.0",
      "resolved": "http://10.20.128.20:7000/token-stream/download/token-stream-1.0.0.tgz",
      "integrity": "sha1-zCAOqyYT9BZtJ/+a/HylbUnfbrQ=",
      "dev": true
    },
    "tslib": {
      "version": "2.3.1",
      "resolved": "http://10.20.128.20:7000/tslib/download/tslib-2.3.1.tgz",
      "integrity": "sha1-6KM1rdXOrlGqJh0ypJAVjvBC7wE="
    },
    "typescript": {
      "version": "4.5.5",
      "dev": true
    },
    "upath": {
      "version": "2.0.1",
      "resolved": "http://10.20.128.20:7000/upath/download/upath-2.0.1.tgz",
      "integrity": "sha1-UMc96mjW9rmQ9R0nnOYIFmXWGos=",
      "dev": true
    },
    "vite": {
      "version": "2.7.13",
      "dev": true,
      "requires": {
        "esbuild": "^0.13.12",
        "fsevents": "~2.3.2",
        "postcss": "^8.4.5",
        "resolve": "^1.20.0",
        "rollup": "^2.59.0"
      }
    },
    "void-elements": {
      "version": "3.1.0",
      "resolved": "http://10.20.128.20:7000/void-elements/download/void-elements-3.1.0.tgz",
      "integrity": "sha1-YU9/v42AHwu18GYfWy9XhXUOTwk=",
      "dev": true
    },
    "vscode-css-languageservice": {
      "version": "5.1.12",
      "resolved": "http://10.20.128.20:7000/vscode-css-languageservice/download/vscode-css-languageservice-5.1.12.tgz",
      "integrity": "sha1-7tOmobuKenBjbvB810KgNMcWNaE=",
      "dev": true,
      "requires": {
        "vscode-languageserver-textdocument": "^1.0.1",
        "vscode-languageserver-types": "^3.16.0",
        "vscode-nls": "^5.0.0",
        "vscode-uri": "^3.0.2"
      },
      "dependencies": {
        "vscode-languageserver-types": {
          "version": "3.16.0",
          "resolved": "http://10.20.128.20:7000/vscode-languageserver-types/download/vscode-languageserver-types-3.16.0.tgz",
          "integrity": "sha1-7POT/BIexpdLLaPvsxVWRMUU4kc=",
          "dev": true
        }
      }
    },
    "vscode-html-languageservice": {
      "version": "4.2.1",
      "resolved": "http://10.20.128.20:7000/vscode-html-languageservice/download/vscode-html-languageservice-4.2.1.tgz",
      "integrity": "sha1-uVB3z/0Zvxh+U8e/eePg3X7bx88=",
      "dev": true,
      "requires": {
        "vscode-languageserver-textdocument": "^1.0.1",
        "vscode-languageserver-types": "^3.16.0",
        "vscode-nls": "^5.0.0",
        "vscode-uri": "^3.0.2"
      },
      "dependencies": {
        "vscode-languageserver-types": {
          "version": "3.16.0",
          "resolved": "http://10.20.128.20:7000/vscode-languageserver-types/download/vscode-languageserver-types-3.16.0.tgz",
          "integrity": "sha1-7POT/BIexpdLLaPvsxVWRMUU4kc=",
          "dev": true
        }
      }
    },
    "vscode-json-languageservice": {
      "version": "4.2.0",
      "resolved": "http://10.20.128.20:7000/vscode-json-languageservice/download/vscode-json-languageservice-4.2.0.tgz",
      "integrity": "sha1-3waTtpui+/CmrdiWCHtvHJw48Go=",
      "dev": true,
      "requires": {
        "jsonc-parser": "^3.0.0",
        "vscode-languageserver-textdocument": "^1.0.3",
        "vscode-languageserver-types": "^3.16.0",
        "vscode-nls": "^5.0.0",
        "vscode-uri": "^3.0.3"
      },
      "dependencies": {
        "jsonc-parser": {
          "version": "3.0.0",
          "resolved": "http://10.20.128.20:7000/jsonc-parser/download/jsonc-parser-3.0.0.tgz",
          "integrity": "sha1-q914VwHH5+rKip7IzwcMpRp0WiI=",
          "dev": true
        },
        "vscode-languageserver-types": {
          "version": "3.16.0",
          "resolved": "http://10.20.128.20:7000/vscode-languageserver-types/download/vscode-languageserver-types-3.16.0.tgz",
          "integrity": "sha1-7POT/BIexpdLLaPvsxVWRMUU4kc=",
          "dev": true
        }
      }
    },
    "vscode-jsonrpc": {
      "version": "8.0.0-next.5",
      "resolved": "http://10.20.128.20:7000/vscode-jsonrpc/download/vscode-jsonrpc-8.0.0-next.5.tgz",
      "integrity": "sha1-RKyYT9ioSbijUWEdWGdBEiaIWYg=",
      "dev": true
    },
    "vscode-languageserver": {
      "version": "8.0.0-next.6",
      "resolved": "http://10.20.128.20:7000/vscode-languageserver/download/vscode-languageserver-8.0.0-next.6.tgz",
      "integrity": "sha1-w0mh9uVscDRhMWHHmBjTZYexv18=",
      "dev": true,
      "requires": {
        "vscode-languageserver-protocol": "3.17.0-next.12"
      }
    },
    "vscode-languageserver-protocol": {
      "version": "3.17.0-next.12",
      "resolved": "http://10.20.128.20:7000/vscode-languageserver-protocol/download/vscode-languageserver-protocol-3.17.0-next.12.tgz",
      "integrity": "sha1-gwTZ0flJC08d2fRrNdIuh9Z15wQ=",
      "dev": true,
      "requires": {
        "vscode-jsonrpc": "8.0.0-next.5",
        "vscode-languageserver-types": "3.17.0-next.6"
      }
    },
    "vscode-languageserver-textdocument": {
      "version": "1.0.3",
      "resolved": "http://10.20.128.20:7000/vscode-languageserver-textdocument/download/vscode-languageserver-textdocument-1.0.3.tgz",
      "integrity": "sha1-h58mSb+lpuB7yLOSwj7eLfv0Pv8=",
      "dev": true
    },
    "vscode-languageserver-types": {
      "version": "3.17.0-next.6",
      "resolved": "http://10.20.128.20:7000/vscode-languageserver-types/download/vscode-languageserver-types-3.17.0-next.6.tgz",
      "integrity": "sha1-piRlpmVileJXszuQO9lM7VhGQCI=",
      "dev": true
    },
    "vscode-nls": {
      "version": "5.0.0",
      "resolved": "http://10.20.128.20:7000/vscode-nls/download/vscode-nls-5.0.0.tgz",
      "integrity": "sha1-mfDaC9nqfNpE5WWnTFSx8rwleEA=",
      "dev": true
    },
    "vscode-pug-languageservice": {
      "version": "0.29.8",
      "resolved": "http://10.20.128.20:7000/vscode-pug-languageservice/download/vscode-pug-languageservice-0.29.8.tgz",
      "integrity": "sha1-PZX5dLwnPd2PWo+106yAZLLcY9E=",
      "dev": true,
      "requires": {
        "@volar/code-gen": "0.29.8",
        "@volar/shared": "0.29.8",
        "@volar/source-map": "0.29.8",
        "@volar/transforms": "0.29.8",
        "pug-lexer": "^5.0.1",
        "pug-parser": "^6.0.0",
        "vscode-languageserver": "^8.0.0-next.2"
      }
    },
    "vscode-typescript-languageservice": {
      "version": "0.29.8",
      "resolved": "http://10.20.128.20:7000/vscode-typescript-languageservice/download/vscode-typescript-languageservice-0.29.8.tgz",
      "integrity": "sha1-NwVy6Mmci4GQczpL/BtFxfkaoEQ=",
      "dev": true,
      "requires": {
        "@volar/shared": "0.29.8",
        "semver": "^7.3.5",
        "upath": "^2.0.1",
        "vscode-languageserver": "^8.0.0-next.2",
        "vscode-languageserver-textdocument": "^1.0.1"
      },
      "dependencies": {
        "semver": {
          "version": "7.3.5",
          "resolved": "http://10.20.128.20:7000/semver/download/semver-7.3.5.tgz",
          "integrity": "sha1-C2Ich5NI2JmOSw5L6Us/EuYBjvc=",
          "dev": true,
          "requires": {
            "lru-cache": "^6.0.0"
          }
        }
      }
    },
    "vscode-uri": {
      "version": "3.0.3",
      "resolved": "http://10.20.128.20:7000/vscode-uri/download/vscode-uri-3.0.3.tgz",
      "integrity": "sha1-qVwc4ub0G3VJ+GJ50Z9HlR5PTYQ=",
      "dev": true
    },
    "vscode-vue-languageservice": {
      "version": "0.29.8",
      "resolved": "http://10.20.128.20:7000/vscode-vue-languageservice/download/vscode-vue-languageservice-0.29.8.tgz",
      "integrity": "sha1-bVmqtPuUIVuZtvfQ4qtzur05jQU=",
      "dev": true,
      "requires": {
        "@volar/code-gen": "0.29.8",
        "@volar/html2pug": "0.29.8",
        "@volar/shared": "0.29.8",
        "@volar/source-map": "0.29.8",
        "@volar/transforms": "0.29.8",
        "@volar/vue-code-gen": "0.29.8",
        "@vscode/emmet-helper": "^2.8.0",
        "@vue/reactivity": "^3.2.21",
        "@vue/shared": "^3.2.21",
        "request-light": "^0.5.4",
        "upath": "^2.0.1",
        "vscode-css-languageservice": "^5.1.7",
        "vscode-html-languageservice": "^4.1.0",
        "vscode-json-languageservice": "^4.1.8",
        "vscode-languageserver": "^8.0.0-next.2",
        "vscode-languageserver-textdocument": "^1.0.1",
        "vscode-pug-languageservice": "0.29.8",
        "vscode-typescript-languageservice": "0.29.8"
      }
    },
    "vue": {
      "version": "3.2.31",
      "requires": {
        "@vue/compiler-dom": "3.2.31",
        "@vue/compiler-sfc": "3.2.31",
        "@vue/runtime-dom": "3.2.31",
        "@vue/server-renderer": "3.2.31",
        "@vue/shared": "3.2.31"
      }
    },
    "vue-tsc": {
      "version": "0.29.8",
      "dev": true,
      "requires": {
        "@volar/shared": "0.29.8",
        "vscode-vue-languageservice": "0.29.8"
      }
    },
    "with": {
      "version": "7.0.2",
      "resolved": "http://10.20.128.20:7000/with/download/with-7.0.2.tgz",
      "integrity": "sha1-zO461ULSVTinp6gKrSErmChJW6w=",
      "dev": true,
      "requires": {
        "@babel/parser": "^7.9.6",
        "@babel/types": "^7.9.6",
        "assert-never": "^1.2.1",
        "babel-walk": "3.0.0-canary-5"
      }
    },
    "yallist": {
      "version": "4.0.0",
      "resolved": "http://10.20.128.20:7000/yallist/download/yallist-4.0.0.tgz",
      "integrity": "sha1-m7knkNnA7/7GO+c1GeEaNQGaOnI=",
      "dev": true
    }
  }
}
