lockfileVersion: 5.3

specifiers:
  '@types/node': ^17.0.21
  '@vitejs/plugin-vue': ^2.0.0
  less: ^4.1.2
  less-loader: ^10.2.0
  pinia: ^2.0.12
  typescript: ^4.4.4
  vite: ^2.7.2
  vue: ^3.2.25
  vue-tsc: ^0.29.8

dependencies:
  less: 4.1.2
  less-loader: 10.2.0_less@4.1.2
  pinia: 2.0.12_typescript@4.5.5+vue@3.2.31
  vue: 3.2.31

devDependencies:
  '@types/node': 17.0.21
  '@vitejs/plugin-vue': 2.1.0_vite@2.7.13+vue@3.2.31
  typescript: 4.5.5
  vite: 2.7.13_less@4.1.2
  vue-tsc: 0.29.8_typescript@4.5.5

packages:

  /@babel/helper-validator-identifier/7.16.7:
    resolution: {integrity: sha1-6MYCQ4xKgZV1EkPakDHRYH0kfK0=, tarball: '@babel/helper-validator-identifier/download/@babel/helper-validator-identifier-7.16.7.tgz'}
    engines: {node: '>=6.9.0'}
    dev: true

  /@babel/parser/7.17.3:
    resolution: {integrity: sha1-sHcCuYKZC/b9wdpQSaI/7OTFw9A=, tarball: '@babel/parser/download/@babel/parser-7.17.3.tgz'}
    engines: {node: '>=6.0.0'}
    hasBin: true

  /@babel/types/7.17.0:
    resolution: {integrity: sha1-qCbjaLzLaz2ErNdqytXA2HNCOQs=, tarball: '@babel/types/download/@babel/types-7.17.0.tgz'}
    engines: {node: '>=6.9.0'}
    dependencies:
      '@babel/helper-validator-identifier': 7.16.7
      to-fast-properties: 2.0.0
    dev: true

  /@emmetio/abbreviation/2.2.2:
    resolution: {integrity: sha1-dGdi/Z56jC6mBPWAxi48/iUOaYk=, tarball: '@emmetio/abbreviation/download/@emmetio/abbreviation-2.2.2.tgz'}
    dependencies:
      '@emmetio/scanner': 1.0.0
    dev: true

  /@emmetio/css-abbreviation/2.1.4:
    resolution: {integrity: sha1-kDYuihEizjt29sMVeQfTAYL1P1Q=, tarball: '@emmetio/css-abbreviation/download/@emmetio/css-abbreviation-2.1.4.tgz'}
    dependencies:
      '@emmetio/scanner': 1.0.0
    dev: true

  /@emmetio/scanner/1.0.0:
    resolution: {integrity: sha1-Blsq9iM/50dNRII+PeuJckr0K18=, tarball: '@emmetio/scanner/download/@emmetio/scanner-1.0.0.tgz'}
    dev: true

  /@types/node/17.0.21:
    resolution: {integrity: sha1-hkuYfAxo0HtDRYRcPmO3Xt0UNkQ=, tarball: '@types/node/download/@types/node-17.0.21.tgz'}
    dev: true

  /@vitejs/plugin-vue/2.1.0_vite@2.7.13+vue@3.2.31:
    resolution: {integrity: sha1-3fXgBZ+E8v9kmvwlzlpZIR5nBUI=, tarball: '@vitejs/plugin-vue/download/@vitejs/plugin-vue-2.1.0.tgz'}
    engines: {node: '>=12.0.0'}
    peerDependencies:
      vite: ^2.5.10
      vue: ^3.2.25
    dependencies:
      vite: 2.7.13_less@4.1.2
      vue: 3.2.31
    dev: true

  /@volar/code-gen/0.29.8:
    resolution: {integrity: sha1-2xpL8pyuuhMSZb7Z2+lqGgtm6jU=, tarball: '@volar/code-gen/download/@volar/code-gen-0.29.8.tgz'}
    dependencies:
      '@volar/shared': 0.29.8
      '@volar/source-map': 0.29.8
    dev: true

  /@volar/html2pug/0.29.8:
    resolution: {integrity: sha1-Lpf6KWjc3+DbvGewzSq0xEABhzg=, tarball: '@volar/html2pug/download/@volar/html2pug-0.29.8.tgz'}
    dependencies:
      domelementtype: 2.2.0
      domhandler: 4.3.0
      htmlparser2: 7.2.0
      pug: 3.0.2
    dev: true

  /@volar/shared/0.29.8:
    resolution: {integrity: sha1-5jXd8svPMH2pMutLmOM8Mg09KZE=, tarball: '@volar/shared/download/@volar/shared-0.29.8.tgz'}
    dependencies:
      upath: 2.0.1
      vscode-jsonrpc: 8.0.0-next.5
      vscode-uri: 3.0.3
    dev: true

  /@volar/source-map/0.29.8:
    resolution: {integrity: sha1-MpmgroauC3K02z5QSZ2LsoXY6bI=, tarball: '@volar/source-map/download/@volar/source-map-0.29.8.tgz'}
    dependencies:
      '@volar/shared': 0.29.8
    dev: true

  /@volar/transforms/0.29.8:
    resolution: {integrity: sha1-74BwEKyQdyoGXnz1BQm2QztT41U=, tarball: '@volar/transforms/download/@volar/transforms-0.29.8.tgz'}
    dependencies:
      '@volar/shared': 0.29.8
      vscode-languageserver: 8.0.0-next.6
    dev: true

  /@volar/vue-code-gen/0.29.8:
    resolution: {integrity: sha1-MkAdUuJXDXdfzGy8g6vv7vZcSM0=, tarball: '@volar/vue-code-gen/download/@volar/vue-code-gen-0.29.8.tgz'}
    dependencies:
      '@volar/code-gen': 0.29.8
      '@volar/shared': 0.29.8
      '@volar/source-map': 0.29.8
      '@vue/compiler-core': 3.2.31
      '@vue/compiler-dom': 3.2.31
      '@vue/shared': 3.2.31
      upath: 2.0.1
    dev: true

  /@vscode/emmet-helper/2.8.3:
    resolution: {integrity: sha1-98K0pHUdA7zytCHw/OW1IaD2Shg=, tarball: '@vscode/emmet-helper/download/@vscode/emmet-helper-2.8.3.tgz'}
    dependencies:
      emmet: 2.3.5
      jsonc-parser: 2.3.1
      vscode-languageserver-textdocument: 1.0.3
      vscode-languageserver-types: 3.16.0
      vscode-nls: 5.0.0
      vscode-uri: 2.1.2
    dev: true

  /@vue/compiler-core/3.2.31:
    resolution: {integrity: sha1-048Gws+EV0JAO1I6tFlqP9oVLok=, tarball: '@vue/compiler-core/download/@vue/compiler-core-3.2.31.tgz'}
    dependencies:
      '@babel/parser': 7.17.3
      '@vue/shared': 3.2.31
      estree-walker: 2.0.2
      source-map: 0.6.1

  /@vue/compiler-dom/3.2.31:
    resolution: {integrity: sha1-sbffrVXJbIzCuRnNfrX9fk3b8A4=, tarball: '@vue/compiler-dom/download/@vue/compiler-dom-3.2.31.tgz'}
    dependencies:
      '@vue/compiler-core': 3.2.31
      '@vue/shared': 3.2.31

  /@vue/compiler-sfc/3.2.31:
    resolution: {integrity: sha1-0Cspw/401ZmlLFrhxpN7TWnxHC8=, tarball: '@vue/compiler-sfc/download/@vue/compiler-sfc-3.2.31.tgz'}
    dependencies:
      '@babel/parser': 7.17.3
      '@vue/compiler-core': 3.2.31
      '@vue/compiler-dom': 3.2.31
      '@vue/compiler-ssr': 3.2.31
      '@vue/reactivity-transform': 3.2.31
      '@vue/shared': 3.2.31
      estree-walker: 2.0.2
      magic-string: 0.25.7
      postcss: 8.4.7
      source-map: 0.6.1
    dev: false

  /@vue/compiler-ssr/3.2.31:
    resolution: {integrity: sha1-T6APSGycRYC0CkF3hx671lDsuZw=, tarball: '@vue/compiler-ssr/download/@vue/compiler-ssr-3.2.31.tgz'}
    dependencies:
      '@vue/compiler-dom': 3.2.31
      '@vue/shared': 3.2.31
    dev: false

  /@vue/devtools-api/6.1.3:
    resolution: {integrity: sha1-pExS6PptIvhNs6vc3QvlE1t9188=, tarball: '@vue/devtools-api/download/@vue/devtools-api-6.1.3.tgz'}
    dev: false

  /@vue/reactivity-transform/3.2.31:
    resolution: {integrity: sha1-D1slwk5w7asrYT1TBcRltQ/ACRE=, tarball: '@vue/reactivity-transform/download/@vue/reactivity-transform-3.2.31.tgz'}
    dependencies:
      '@babel/parser': 7.17.3
      '@vue/compiler-core': 3.2.31
      '@vue/shared': 3.2.31
      estree-walker: 2.0.2
      magic-string: 0.25.7
    dev: false

  /@vue/reactivity/3.2.31:
    resolution: {integrity: sha1-/JCqLN9pVBi3nlNHg6ypDWOka70=, tarball: '@vue/reactivity/download/@vue/reactivity-3.2.31.tgz'}
    dependencies:
      '@vue/shared': 3.2.31

  /@vue/runtime-core/3.2.31:
    resolution: {integrity: sha1-nShMOC9fmBt6e1lxBSodxO85rHo=, tarball: '@vue/runtime-core/download/@vue/runtime-core-3.2.31.tgz'}
    dependencies:
      '@vue/reactivity': 3.2.31
      '@vue/shared': 3.2.31
    dev: false

  /@vue/runtime-dom/3.2.31:
    resolution: {integrity: sha1-ec4BgXyzyvLJ2SP2abc40teVPv8=, tarball: '@vue/runtime-dom/download/@vue/runtime-dom-3.2.31.tgz'}
    dependencies:
      '@vue/runtime-core': 3.2.31
      '@vue/shared': 3.2.31
      csstype: 2.6.19
    dev: false

  /@vue/server-renderer/3.2.31_vue@3.2.31:
    resolution: {integrity: sha1-IB6dbOc1hH1ZiUA6+B74CWDacUE=, tarball: '@vue/server-renderer/download/@vue/server-renderer-3.2.31.tgz'}
    peerDependencies:
      vue: 3.2.31
    dependencies:
      '@vue/compiler-ssr': 3.2.31
      '@vue/shared': 3.2.31
      vue: 3.2.31
    dev: false

  /@vue/shared/3.2.31:
    resolution: {integrity: sha1-yQ3nEm2DPc06THU01TS+L7Qfqk4=, tarball: '@vue/shared/download/@vue/shared-3.2.31.tgz'}

  /acorn/7.4.1:
    resolution: {integrity: sha1-/q7SVZc9LndVW4PbwIhRpsY1IPo=, tarball: acorn/download/acorn-7.4.1.tgz}
    engines: {node: '>=0.4.0'}
    hasBin: true
    dev: true

  /asap/2.0.6:
    resolution: {integrity: sha1-5QNHYR1+aQlDIIu9r+vLwvuGbUY=, tarball: asap/download/asap-2.0.6.tgz}
    dev: true

  /assert-never/1.2.1:
    resolution: {integrity: sha1-EfDjY78UYgX7CBk7XHuQ9NHPRP4=, tarball: assert-never/download/assert-never-1.2.1.tgz}
    dev: true

  /babel-walk/3.0.0-canary-5:
    resolution: {integrity: sha1-9m7Ncpg1eu5ElV8jWm71QhkQSxE=, tarball: babel-walk/download/babel-walk-3.0.0-canary-5.tgz}
    engines: {node: '>= 10.0.0'}
    dependencies:
      '@babel/types': 7.17.0
    dev: true

  /call-bind/1.0.2:
    resolution: {integrity: sha1-sdTonmiBGcPJqQOtMKuy9qkZvjw=, tarball: call-bind/download/call-bind-1.0.2.tgz}
    dependencies:
      function-bind: 1.1.1
      get-intrinsic: 1.1.1
    dev: true

  /character-parser/2.2.0:
    resolution: {integrity: sha1-x84o821LzZdE5f/CxfzeHHMmH8A=, tarball: character-parser/download/character-parser-2.2.0.tgz}
    dependencies:
      is-regex: 1.1.4
    dev: true

  /constantinople/4.0.1:
    resolution: {integrity: sha1-De8RP6Dk3I3oMzGlz3nIsyUhMVE=, tarball: constantinople/download/constantinople-4.0.1.tgz}
    dependencies:
      '@babel/parser': 7.17.3
      '@babel/types': 7.17.0
    dev: true

  /copy-anything/2.0.6:
    resolution: {integrity: sha1-CSRU6pWEp7etVXMGKyqH9ZAPxIA=, tarball: copy-anything/download/copy-anything-2.0.6.tgz}
    dependencies:
      is-what: 3.14.1
    dev: false

  /csstype/2.6.19:
    resolution: {integrity: sha1-/utarokCC7OJ4fY2aaXtSQ45HKo=, tarball: csstype/download/csstype-2.6.19.tgz}
    dev: false

  /debug/3.2.7:
    resolution: {integrity: sha1-clgLfpFF+zm2Z2+cXl+xALk0F5o=, tarball: debug/download/debug-3.2.7.tgz}
    dependencies:
      ms: 2.1.3
    dev: false
    optional: true

  /doctypes/1.1.0:
    resolution: {integrity: sha1-6oCxBqh1OHdOijpKWv4pPeSJ4Kk=, tarball: doctypes/download/doctypes-1.1.0.tgz}
    dev: true

  /dom-serializer/1.3.2:
    resolution: {integrity: sha1-YgZDfTLO767HFhgDIwx6ILwbTZE=, tarball: dom-serializer/download/dom-serializer-1.3.2.tgz}
    dependencies:
      domelementtype: 2.2.0
      domhandler: 4.3.0
      entities: 2.2.0
    dev: true

  /domelementtype/2.2.0:
    resolution: {integrity: sha1-mgtsJ4LtahxzI9QiZxg9+b2LHVc=, tarball: domelementtype/download/domelementtype-2.2.0.tgz}
    dev: true

  /domhandler/4.3.0:
    resolution: {integrity: sha1-FsZYxibPlmln4wb5ZrQx931KViY=, tarball: domhandler/download/domhandler-4.3.0.tgz}
    engines: {node: '>= 4'}
    dependencies:
      domelementtype: 2.2.0
    dev: true

  /domutils/2.8.0:
    resolution: {integrity: sha1-RDfe9dtuLR9dbuhZvZXKfQIEgTU=, tarball: domutils/download/domutils-2.8.0.tgz}
    dependencies:
      dom-serializer: 1.3.2
      domelementtype: 2.2.0
      domhandler: 4.3.0
    dev: true

  /emmet/2.3.5:
    resolution: {integrity: sha1-f4D5w9toMdHuK0WHF7nDagdLGkc=, tarball: emmet/download/emmet-2.3.5.tgz}
    dependencies:
      '@emmetio/abbreviation': 2.2.2
      '@emmetio/css-abbreviation': 2.1.4
    dev: true

  /entities/2.2.0:
    resolution: {integrity: sha1-CY3JDruD2N/6CJ1VJWs1HTTE2lU=, tarball: entities/download/entities-2.2.0.tgz}
    dev: true

  /entities/3.0.1:
    resolution: {integrity: sha1-K4h8piWF6W2zkDSC0zbBAGwwAdQ=, tarball: entities/download/entities-3.0.1.tgz}
    engines: {node: '>=0.12'}
    dev: true

  /errno/0.1.8:
    resolution: {integrity: sha1-i7Ppx9Rjvkl2/4iPdrSAnrwugR8=, tarball: errno/download/errno-0.1.8.tgz}
    hasBin: true
    requiresBuild: true
    dependencies:
      prr: 1.0.1
    dev: false
    optional: true

  /esbuild-android-arm64/0.13.15:
    resolution: {integrity: sha1-P8P/C6t2/jXdI3R2tdKzK7IKPUQ=, tarball: esbuild-android-arm64/download/esbuild-android-arm64-0.13.15.tgz}
    requiresBuild: true
    dev: true
    optional: true

  /esbuild-darwin-64/0.13.15:
    resolution: {integrity: sha1-jpFpwWuvRE6s7GDQmyTRGyVajnI=, tarball: esbuild-darwin-64/download/esbuild-darwin-64-0.13.15.tgz}
    requiresBuild: true
    dev: true
    optional: true

  /esbuild-darwin-arm64/0.13.15:
    resolution: {integrity: sha1-Gwf4k7YyEU+AXhiN38pBsrd4Ipo=, tarball: esbuild-darwin-arm64/download/esbuild-darwin-arm64-0.13.15.tgz}
    requiresBuild: true
    dev: true
    optional: true

  /esbuild-freebsd-64/0.13.15:
    resolution: {integrity: sha1-C4t+yhaQyOyUx1aAw4wHJpwfSoU=, tarball: esbuild-freebsd-64/download/esbuild-freebsd-64-0.13.15.tgz}
    requiresBuild: true
    dev: true
    optional: true

  /esbuild-freebsd-arm64/0.13.15:
    resolution: {integrity: sha1-LhpsaWv9zSCplXi3Y1C0HbGTTlI=, tarball: esbuild-freebsd-arm64/download/esbuild-freebsd-arm64-0.13.15.tgz}
    requiresBuild: true
    dev: true
    optional: true

  /esbuild-linux-32/0.13.15:
    resolution: {integrity: sha1-b9OfNvxm3UW2tfUVcox7vrw0Kmk=, tarball: esbuild-linux-32/download/esbuild-linux-32-0.13.15.tgz}
    requiresBuild: true
    dev: true
    optional: true

  /esbuild-linux-64/0.13.15:
    resolution: {integrity: sha1-nLjkvNdXTmeUbk7l8fHhI4a7bdM=, tarball: esbuild-linux-64/download/esbuild-linux-64-0.13.15.tgz}
    requiresBuild: true
    dev: true
    optional: true

  /esbuild-linux-arm/0.13.15:
    resolution: {integrity: sha1-igDpnmoMbJprfzNIQTZNiitK7P4=, tarball: esbuild-linux-arm/download/esbuild-linux-arm-0.13.15.tgz}
    requiresBuild: true
    dev: true
    optional: true

  /esbuild-linux-arm64/0.13.15:
    resolution: {integrity: sha1-OJGqNwTsV5obktKlhhIuW2or+6E=, tarball: esbuild-linux-arm64/download/esbuild-linux-arm64-0.13.15.tgz}
    requiresBuild: true
    dev: true
    optional: true

  /esbuild-linux-mips64le/0.13.15:
    resolution: {integrity: sha1-NrB8xHw9IeSNs7sfTZ749Grq1Pc=, tarball: esbuild-linux-mips64le/download/esbuild-linux-mips64le-0.13.15.tgz}
    requiresBuild: true
    dev: true
    optional: true

  /esbuild-linux-ppc64le/0.13.15:
    resolution: {integrity: sha1-9+a7pAuaEeudyuWwFVDqBGcO2tI=, tarball: esbuild-linux-ppc64le/download/esbuild-linux-ppc64le-0.13.15.tgz}
    requiresBuild: true
    dev: true
    optional: true

  /esbuild-netbsd-64/0.13.15:
    resolution: {integrity: sha1-ov7cVJwrYp1YCnMthAcSsI1EADg=, tarball: esbuild-netbsd-64/download/esbuild-netbsd-64-0.13.15.tgz}
    requiresBuild: true
    dev: true
    optional: true

  /esbuild-openbsd-64/0.13.15:
    resolution: {integrity: sha1-siwOWAbTofvwMlhyA3+IUwawXNc=, tarball: esbuild-openbsd-64/download/esbuild-openbsd-64-0.13.15.tgz}
    requiresBuild: true
    dev: true
    optional: true

  /esbuild-sunos-64/0.13.15:
    resolution: {integrity: sha1-0LZFSog3XujTlk2u/1XIXJHHzvQ=, tarball: esbuild-sunos-64/download/esbuild-sunos-64-0.13.15.tgz}
    requiresBuild: true
    dev: true
    optional: true

  /esbuild-windows-32/0.13.15:
    resolution: {integrity: sha1-yW0Lm7tS8zAzIlgu+OSEfFrTdac=, tarball: esbuild-windows-32/download/esbuild-windows-32-0.13.15.tgz}
    requiresBuild: true
    dev: true
    optional: true

  /esbuild-windows-64/0.13.15:
    resolution: {integrity: sha1-H3nLmx4bsC+yXNQUy5DU6iiSwpQ=, tarball: esbuild-windows-64/download/esbuild-windows-64-0.13.15.tgz}
    requiresBuild: true
    dev: true
    optional: true

  /esbuild-windows-arm64/0.13.15:
    resolution: {integrity: sha1-SCFzBwgQ3yKnUsaGUJw3DDvjs8M=, tarball: esbuild-windows-arm64/download/esbuild-windows-arm64-0.13.15.tgz}
    requiresBuild: true
    dev: true
    optional: true

  /esbuild/0.13.15:
    resolution: {integrity: sha1-21aogWbuNz+H27LYeY/0SeBFDN8=, tarball: esbuild/download/esbuild-0.13.15.tgz}
    hasBin: true
    requiresBuild: true
    optionalDependencies:
      esbuild-android-arm64: 0.13.15
      esbuild-darwin-64: 0.13.15
      esbuild-darwin-arm64: 0.13.15
      esbuild-freebsd-64: 0.13.15
      esbuild-freebsd-arm64: 0.13.15
      esbuild-linux-32: 0.13.15
      esbuild-linux-64: 0.13.15
      esbuild-linux-arm: 0.13.15
      esbuild-linux-arm64: 0.13.15
      esbuild-linux-mips64le: 0.13.15
      esbuild-linux-ppc64le: 0.13.15
      esbuild-netbsd-64: 0.13.15
      esbuild-openbsd-64: 0.13.15
      esbuild-sunos-64: 0.13.15
      esbuild-windows-32: 0.13.15
      esbuild-windows-64: 0.13.15
      esbuild-windows-arm64: 0.13.15
    dev: true

  /estree-walker/2.0.2:
    resolution: {integrity: sha1-UvAQF4wqTBF6d1fP6UKtt9LaTKw=, tarball: estree-walker/download/estree-walker-2.0.2.tgz}

  /fsevents/2.3.2:
    resolution: {integrity: sha1-ilJveLj99GI7cJ4Ll1xSwkwC/Ro=, tarball: fsevents/download/fsevents-2.3.2.tgz}
    engines: {node: ^8.16.0 || ^10.6.0 || >=11.0.0}
    requiresBuild: true
    dev: true
    optional: true

  /function-bind/1.1.1:
    resolution: {integrity: sha1-pWiZ0+o8m6uHS7l3O3xe3pL0iV0=, tarball: function-bind/download/function-bind-1.1.1.tgz}
    dev: true

  /get-intrinsic/1.1.1:
    resolution: {integrity: sha1-FfWfN2+FXERpY5SPDSTNNje0q8Y=, tarball: get-intrinsic/download/get-intrinsic-1.1.1.tgz}
    dependencies:
      function-bind: 1.1.1
      has: 1.0.3
      has-symbols: 1.0.2
    dev: true

  /graceful-fs/4.2.9:
    resolution: {integrity: sha1-BBsF30V1Xlh6JJQiebnRExRuHJY=, tarball: graceful-fs/download/graceful-fs-4.2.9.tgz}
    requiresBuild: true
    dev: false
    optional: true

  /has-symbols/1.0.2:
    resolution: {integrity: sha1-Fl0wcMADCXUqEjakeTMeOsVvFCM=, tarball: has-symbols/download/has-symbols-1.0.2.tgz}
    engines: {node: '>= 0.4'}
    dev: true

  /has-tostringtag/1.0.0:
    resolution: {integrity: sha1-fhM4GKfTlHNPlB5zw9P5KR5liyU=, tarball: has-tostringtag/download/has-tostringtag-1.0.0.tgz}
    engines: {node: '>= 0.4'}
    dependencies:
      has-symbols: 1.0.2
    dev: true

  /has/1.0.3:
    resolution: {integrity: sha1-ci18v8H2qoJB8W3YFOAR4fQeh5Y=, tarball: has/download/has-1.0.3.tgz}
    engines: {node: '>= 0.4.0'}
    dependencies:
      function-bind: 1.1.1
    dev: true

  /htmlparser2/7.2.0:
    resolution: {integrity: sha1-iBfN6ji7wyQ5KpCxmQkI6Bpl9aU=, tarball: htmlparser2/download/htmlparser2-7.2.0.tgz}
    dependencies:
      domelementtype: 2.2.0
      domhandler: 4.3.0
      domutils: 2.8.0
      entities: 3.0.1
    dev: true

  /iconv-lite/0.4.24:
    resolution: {integrity: sha1-ICK0sl+93CHS9SSXSkdKr+czkIs=, tarball: iconv-lite/download/iconv-lite-0.4.24.tgz}
    engines: {node: '>=0.10.0'}
    dependencies:
      safer-buffer: 2.1.2
    dev: false
    optional: true

  /image-size/0.5.5:
    resolution: {integrity: sha1-Cd/Uq50g4p6xw+gLiZA3jfnjy5w=, tarball: image-size/download/image-size-0.5.5.tgz}
    engines: {node: '>=0.10.0'}
    hasBin: true
    requiresBuild: true
    dev: false
    optional: true

  /is-core-module/2.8.1:
    resolution: {integrity: sha1-9Z/fynAdWHnQprEApAqhVgzichE=, tarball: is-core-module/download/is-core-module-2.8.1.tgz}
    dependencies:
      has: 1.0.3
    dev: true

  /is-expression/4.0.0:
    resolution: {integrity: sha1-wzFVliq/IdCv0lUlFNZ9LsFv0qs=, tarball: is-expression/download/is-expression-4.0.0.tgz}
    dependencies:
      acorn: 7.4.1
      object-assign: 4.1.1
    dev: true

  /is-promise/2.2.2:
    resolution: {integrity: sha1-OauVnMv5p3TPB597QMeib3YxNfE=, tarball: is-promise/download/is-promise-2.2.2.tgz}
    dev: true

  /is-regex/1.1.4:
    resolution: {integrity: sha1-7vVmPNWfpMCuM5UFMj32hUuxWVg=, tarball: is-regex/download/is-regex-1.1.4.tgz}
    engines: {node: '>= 0.4'}
    dependencies:
      call-bind: 1.0.2
      has-tostringtag: 1.0.0
    dev: true

  /is-what/3.14.1:
    resolution: {integrity: sha1-4SIvRt3ahd6tD9HJ3xMXYOd3VcE=, tarball: is-what/download/is-what-3.14.1.tgz}
    dev: false

  /js-stringify/1.0.2:
    resolution: {integrity: sha1-Fzb939lyTyijaCrcYjCufk6Weds=, tarball: js-stringify/download/js-stringify-1.0.2.tgz}
    dev: true

  /jsonc-parser/2.3.1:
    resolution: {integrity: sha1-WVSRULEz8u+sykj+nOHsBlmvI0I=, tarball: jsonc-parser/download/jsonc-parser-2.3.1.tgz}
    dev: true

  /jsonc-parser/3.0.0:
    resolution: {integrity: sha1-q914VwHH5+rKip7IzwcMpRp0WiI=, tarball: jsonc-parser/download/jsonc-parser-3.0.0.tgz}
    dev: true

  /jstransformer/1.0.0:
    resolution: {integrity: sha1-7Yvwkh4vPx7U1cGkT2hwntJHIsM=, tarball: jstransformer/download/jstransformer-1.0.0.tgz}
    dependencies:
      is-promise: 2.2.2
      promise: 7.3.1
    dev: true

  /klona/2.0.5:
    resolution: {integrity: sha1-0WZXTZAHY5XZljqnqSj6u412r7w=, tarball: klona/download/klona-2.0.5.tgz}
    engines: {node: '>= 8'}
    dev: false

  /less-loader/10.2.0_less@4.1.2:
    resolution: {integrity: sha1-lyhth5fcPcBbHRaw7OxflovdTjI=, tarball: less-loader/download/less-loader-10.2.0.tgz}
    engines: {node: '>= 12.13.0'}
    peerDependencies:
      less: ^3.5.0 || ^4.0.0
      webpack: ^5.0.0
    dependencies:
      klona: 2.0.5
      less: 4.1.2
    dev: false

  /less/4.1.2:
    resolution: {integrity: sha1-YJnuWEmZdQwmJLZfgBRfhnTktLA=, tarball: less/download/less-4.1.2.tgz}
    engines: {node: '>=6'}
    hasBin: true
    dependencies:
      copy-anything: 2.0.6
      parse-node-version: 1.0.1
      tslib: 2.3.1
    optionalDependencies:
      errno: 0.1.8
      graceful-fs: 4.2.9
      image-size: 0.5.5
      make-dir: 2.1.0
      mime: 1.6.0
      needle: 2.9.1
      source-map: 0.6.1
    dev: false

  /lru-cache/6.0.0:
    resolution: {integrity: sha1-bW/mVw69lqr5D8rR2vo7JWbbOpQ=, tarball: lru-cache/download/lru-cache-6.0.0.tgz}
    engines: {node: '>=10'}
    dependencies:
      yallist: 4.0.0
    dev: true

  /magic-string/0.25.7:
    resolution: {integrity: sha1-P0l9b9NMZpxnmNy4IfLvMfVEUFE=, tarball: magic-string/download/magic-string-0.25.7.tgz}
    dependencies:
      sourcemap-codec: 1.4.8
    dev: false

  /make-dir/2.1.0:
    resolution: {integrity: sha1-XwMQ4YuL6JjMBwCSlaMK5B6R5vU=, tarball: make-dir/download/make-dir-2.1.0.tgz}
    engines: {node: '>=6'}
    requiresBuild: true
    dependencies:
      pify: 4.0.1
      semver: 5.7.1
    dev: false
    optional: true

  /mime/1.6.0:
    resolution: {integrity: sha1-Ms2eXGRVO9WNGaVor0Uqz/BJgbE=, tarball: mime/download/mime-1.6.0.tgz}
    engines: {node: '>=4'}
    hasBin: true
    requiresBuild: true
    dev: false
    optional: true

  /ms/2.1.3:
    resolution: {integrity: sha1-V0yBOM4dK1hh8LRFedut1gxmFbI=, tarball: ms/download/ms-2.1.3.tgz}
    dev: false
    optional: true

  /nanoid/3.3.1:
    resolution: {integrity: sha1-Y0ehjKyIr4j1ivCzWUtyPV6ZuzU=, tarball: nanoid/download/nanoid-3.3.1.tgz}
    engines: {node: ^10 || ^12 || ^13.7 || ^14 || >=15.0.1}
    hasBin: true

  /needle/2.9.1:
    resolution: {integrity: sha1-ItHf++NJDCuD4wH3cJtnNs2PJoQ=, tarball: needle/download/needle-2.9.1.tgz}
    engines: {node: '>= 4.4.x'}
    hasBin: true
    requiresBuild: true
    dependencies:
      debug: 3.2.7
      iconv-lite: 0.4.24
      sax: 1.2.4
    dev: false
    optional: true

  /object-assign/4.1.1:
    resolution: {integrity: sha1-IQmtx5ZYh8/AXLvUQsrIv7s2CGM=, tarball: object-assign/download/object-assign-4.1.1.tgz}
    engines: {node: '>=0.10.0'}
    dev: true

  /parse-node-version/1.0.1:
    resolution: {integrity: sha1-4rXb7eAOf6m8NjYH9TMn6LBzGJs=, tarball: parse-node-version/download/parse-node-version-1.0.1.tgz}
    engines: {node: '>= 0.10'}
    dev: false

  /path-parse/1.0.7:
    resolution: {integrity: sha1-+8EUtgykKzDZ2vWFjkvWi77bZzU=, tarball: path-parse/download/path-parse-1.0.7.tgz}
    dev: true

  /picocolors/1.0.0:
    resolution: {integrity: sha1-y1vcdP8/UYkiNur3nWi8RFZKuBw=, tarball: picocolors/download/picocolors-1.0.0.tgz}

  /pify/4.0.1:
    resolution: {integrity: sha1-SyzSXFDVmHNcUCkiJP2MbfQeMjE=, tarball: pify/download/pify-4.0.1.tgz}
    engines: {node: '>=6'}
    dev: false
    optional: true

  /pinia/2.0.12_typescript@4.5.5+vue@3.2.31:
    resolution: {integrity: sha1-TG9/WctB9W8g3u5xxAPmbY08Y30=, tarball: pinia/download/pinia-2.0.12.tgz}
    peerDependencies:
      '@vue/composition-api': ^1.4.0
      typescript: '>=4.4.4'
      vue: ^2.6.14 || ^3.2.0
    dependencies:
      '@vue/devtools-api': 6.1.3
      typescript: 4.5.5
      vue: 3.2.31
      vue-demi: 0.12.4_vue@3.2.31
    dev: false

  /postcss/8.4.7:
    resolution: {integrity: sha1-+ZhiBp7EVB3jhr9X9WYKbHoIdag=, tarball: postcss/download/postcss-8.4.7.tgz}
    engines: {node: ^10 || ^12 || >=14}
    dependencies:
      nanoid: 3.3.1
      picocolors: 1.0.0
      source-map-js: 1.0.2

  /promise/7.3.1:
    resolution: {integrity: sha1-BktyYCsY+Q8pGSuLG8QY/9Hr078=, tarball: promise/download/promise-7.3.1.tgz}
    dependencies:
      asap: 2.0.6
    dev: true

  /prr/1.0.1:
    resolution: {integrity: sha1-0/wRS6BplaRexok/SEzrHXj19HY=, tarball: prr/download/prr-1.0.1.tgz}
    dev: false
    optional: true

  /pug-attrs/3.0.0:
    resolution: {integrity: sha1-sQRR4DSBZeMfrRzCPr3dncc0fEE=, tarball: pug-attrs/download/pug-attrs-3.0.0.tgz}
    dependencies:
      constantinople: 4.0.1
      js-stringify: 1.0.2
      pug-runtime: 3.0.1
    dev: true

  /pug-code-gen/3.0.2:
    resolution: {integrity: sha1-rRkPSUMTO/GGtguA3kgxAOEy4s4=, tarball: pug-code-gen/download/pug-code-gen-3.0.2.tgz}
    dependencies:
      constantinople: 4.0.1
      doctypes: 1.1.0
      js-stringify: 1.0.2
      pug-attrs: 3.0.0
      pug-error: 2.0.0
      pug-runtime: 3.0.1
      void-elements: 3.1.0
      with: 7.0.2
    dev: true

  /pug-error/2.0.0:
    resolution: {integrity: sha1-XGIXPLCcNN4qLOBPF7it/sdNjKU=, tarball: pug-error/download/pug-error-2.0.0.tgz}
    dev: true

  /pug-filters/4.0.0:
    resolution: {integrity: sha1-0+Sa9bqEcum3pm2YDnB86dLMm14=, tarball: pug-filters/download/pug-filters-4.0.0.tgz}
    dependencies:
      constantinople: 4.0.1
      jstransformer: 1.0.0
      pug-error: 2.0.0
      pug-walk: 2.0.0
      resolve: 1.22.0
    dev: true

  /pug-lexer/5.0.1:
    resolution: {integrity: sha1-rkRijFvvmxkLZlaDsojKkCS4sNU=, tarball: pug-lexer/download/pug-lexer-5.0.1.tgz}
    dependencies:
      character-parser: 2.2.0
      is-expression: 4.0.0
      pug-error: 2.0.0
    dev: true

  /pug-linker/4.0.0:
    resolution: {integrity: sha1-EsvAWU/Fo+Brn8Web5PBRpYqdwg=, tarball: pug-linker/download/pug-linker-4.0.0.tgz}
    dependencies:
      pug-error: 2.0.0
      pug-walk: 2.0.0
    dev: true

  /pug-load/3.0.0:
    resolution: {integrity: sha1-n9nNpSICsIrbEdJWgfufNL1BtmI=, tarball: pug-load/download/pug-load-3.0.0.tgz}
    dependencies:
      object-assign: 4.1.1
      pug-walk: 2.0.0
    dev: true

  /pug-parser/6.0.0:
    resolution: {integrity: sha1-qP3ANYY6lbLB3F6/Ts+AtOdqEmA=, tarball: pug-parser/download/pug-parser-6.0.0.tgz}
    dependencies:
      pug-error: 2.0.0
      token-stream: 1.0.0
    dev: true

  /pug-runtime/3.0.1:
    resolution: {integrity: sha1-9jaXYgRyPzWoxfb61qzaKhkbg9c=, tarball: pug-runtime/download/pug-runtime-3.0.1.tgz}
    dev: true

  /pug-strip-comments/2.0.0:
    resolution: {integrity: sha1-+UsH/WtJVSMzD0kKf1VLT/h2MD4=, tarball: pug-strip-comments/download/pug-strip-comments-2.0.0.tgz}
    dependencies:
      pug-error: 2.0.0
    dev: true

  /pug-walk/2.0.0:
    resolution: {integrity: sha1-QXqrwpIyu0SZtbUGmistKiTV9f4=, tarball: pug-walk/download/pug-walk-2.0.0.tgz}
    dev: true

  /pug/3.0.2:
    resolution: {integrity: sha1-81xxBzQ0VOQ7wnrg/3bHMbeOpTU=, tarball: pug/download/pug-3.0.2.tgz}
    dependencies:
      pug-code-gen: 3.0.2
      pug-filters: 4.0.0
      pug-lexer: 5.0.1
      pug-linker: 4.0.0
      pug-load: 3.0.0
      pug-parser: 6.0.0
      pug-runtime: 3.0.1
      pug-strip-comments: 2.0.0
    dev: true

  /request-light/0.5.7:
    resolution: {integrity: sha1-HESMIhU7VdLNJ460FN8kpa1ubV4=, tarball: request-light/download/request-light-0.5.7.tgz}
    dev: true

  /resolve/1.22.0:
    resolution: {integrity: sha1-XguMZ8Fd9XqJvbq+YDoALyFzEZg=, tarball: resolve/download/resolve-1.22.0.tgz}
    hasBin: true
    dependencies:
      is-core-module: 2.8.1
      path-parse: 1.0.7
      supports-preserve-symlinks-flag: 1.0.0
    dev: true

  /rollup/2.66.1:
    resolution: {integrity: sha1-NmsEBN41PEMx1TjDrSljk0/LSTc=, tarball: rollup/download/rollup-2.66.1.tgz}
    engines: {node: '>=10.0.0'}
    hasBin: true
    optionalDependencies:
      fsevents: 2.3.2
    dev: true

  /safer-buffer/2.1.2:
    resolution: {integrity: sha1-RPoWGwGHuVSd2Eu5GAL5vYOFzWo=, tarball: safer-buffer/download/safer-buffer-2.1.2.tgz}
    dev: false
    optional: true

  /sax/1.2.4:
    resolution: {integrity: sha1-KBYjTiN4vdxOU1T6tcqold9xANk=, tarball: sax/download/sax-1.2.4.tgz}
    dev: false
    optional: true

  /semver/5.7.1:
    resolution: {integrity: sha1-qVT5Ma66UI0we78Gnv8MAclhFvc=, tarball: semver/download/semver-5.7.1.tgz}
    hasBin: true
    dev: false
    optional: true

  /semver/7.3.5:
    resolution: {integrity: sha1-C2Ich5NI2JmOSw5L6Us/EuYBjvc=, tarball: semver/download/semver-7.3.5.tgz}
    engines: {node: '>=10'}
    hasBin: true
    dependencies:
      lru-cache: 6.0.0
    dev: true

  /source-map-js/1.0.2:
    resolution: {integrity: sha1-rbw2HZxi3zgBJefxYfccgm8eSQw=, tarball: source-map-js/download/source-map-js-1.0.2.tgz}
    engines: {node: '>=0.10.0'}

  /source-map/0.6.1:
    resolution: {integrity: sha1-dHIq8y6WFOnCh6jQu95IteLxomM=, tarball: source-map/download/source-map-0.6.1.tgz}
    engines: {node: '>=0.10.0'}

  /sourcemap-codec/1.4.8:
    resolution: {integrity: sha1-6oBL2UhXQC5pktBaOO8a41qatMQ=, tarball: sourcemap-codec/download/sourcemap-codec-1.4.8.tgz}
    dev: false

  /supports-preserve-symlinks-flag/1.0.0:
    resolution: {integrity: sha1-btpL00SjyUrqN21MwxvHcxEDngk=, tarball: supports-preserve-symlinks-flag/download/supports-preserve-symlinks-flag-1.0.0.tgz}
    engines: {node: '>= 0.4'}
    dev: true

  /to-fast-properties/2.0.0:
    resolution: {integrity: sha1-3F5pjL0HkmW8c+A3doGk5Og/YW4=, tarball: to-fast-properties/download/to-fast-properties-2.0.0.tgz}
    engines: {node: '>=4'}
    dev: true

  /token-stream/1.0.0:
    resolution: {integrity: sha1-zCAOqyYT9BZtJ/+a/HylbUnfbrQ=, tarball: token-stream/download/token-stream-1.0.0.tgz}
    dev: true

  /tslib/2.3.1:
    resolution: {integrity: sha1-6KM1rdXOrlGqJh0ypJAVjvBC7wE=, tarball: tslib/download/tslib-2.3.1.tgz}
    dev: false

  /typescript/4.5.5:
    resolution: {integrity: sha1-2MlTgy0okkqePTfHPXKchGxYlvM=, tarball: typescript/download/typescript-4.5.5.tgz}
    engines: {node: '>=4.2.0'}
    hasBin: true
    dev: true

  /upath/2.0.1:
    resolution: {integrity: sha1-UMc96mjW9rmQ9R0nnOYIFmXWGos=, tarball: upath/download/upath-2.0.1.tgz}
    engines: {node: '>=4'}
    dev: true

  /vite/2.7.13_less@4.1.2:
    resolution: {integrity: sha1-mbVuJ9+x5DmeQHz5Rkj1x/udd/U=, tarball: vite/download/vite-2.7.13.tgz}
    engines: {node: '>=12.2.0'}
    hasBin: true
    peerDependencies:
      less: '*'
      sass: '*'
      stylus: '*'
    peerDependenciesMeta:
      less:
        optional: true
      sass:
        optional: true
      stylus:
        optional: true
    dependencies:
      esbuild: 0.13.15
      less: 4.1.2
      postcss: 8.4.7
      resolve: 1.22.0
      rollup: 2.66.1
    optionalDependencies:
      fsevents: 2.3.2
    dev: true

  /void-elements/3.1.0:
    resolution: {integrity: sha1-YU9/v42AHwu18GYfWy9XhXUOTwk=, tarball: void-elements/download/void-elements-3.1.0.tgz}
    engines: {node: '>=0.10.0'}
    dev: true

  /vscode-css-languageservice/5.1.12:
    resolution: {integrity: sha1-7tOmobuKenBjbvB810KgNMcWNaE=, tarball: vscode-css-languageservice/download/vscode-css-languageservice-5.1.12.tgz}
    dependencies:
      vscode-languageserver-textdocument: 1.0.3
      vscode-languageserver-types: 3.16.0
      vscode-nls: 5.0.0
      vscode-uri: 3.0.3
    dev: true

  /vscode-html-languageservice/4.2.1:
    resolution: {integrity: sha1-uVB3z/0Zvxh+U8e/eePg3X7bx88=, tarball: vscode-html-languageservice/download/vscode-html-languageservice-4.2.1.tgz}
    dependencies:
      vscode-languageserver-textdocument: 1.0.3
      vscode-languageserver-types: 3.16.0
      vscode-nls: 5.0.0
      vscode-uri: 3.0.3
    dev: true

  /vscode-json-languageservice/4.2.0:
    resolution: {integrity: sha1-3waTtpui+/CmrdiWCHtvHJw48Go=, tarball: vscode-json-languageservice/download/vscode-json-languageservice-4.2.0.tgz}
    dependencies:
      jsonc-parser: 3.0.0
      vscode-languageserver-textdocument: 1.0.3
      vscode-languageserver-types: 3.16.0
      vscode-nls: 5.0.0
      vscode-uri: 3.0.3
    dev: true

  /vscode-jsonrpc/8.0.0-next.5:
    resolution: {integrity: sha1-RKyYT9ioSbijUWEdWGdBEiaIWYg=, tarball: vscode-jsonrpc/download/vscode-jsonrpc-8.0.0-next.5.tgz}
    engines: {node: '>=14.0.0'}
    dev: true

  /vscode-languageserver-protocol/3.17.0-next.12:
    resolution: {integrity: sha1-gwTZ0flJC08d2fRrNdIuh9Z15wQ=, tarball: vscode-languageserver-protocol/download/vscode-languageserver-protocol-3.17.0-next.12.tgz}
    dependencies:
      vscode-jsonrpc: 8.0.0-next.5
      vscode-languageserver-types: 3.17.0-next.6
    dev: true

  /vscode-languageserver-textdocument/1.0.3:
    resolution: {integrity: sha1-h58mSb+lpuB7yLOSwj7eLfv0Pv8=, tarball: vscode-languageserver-textdocument/download/vscode-languageserver-textdocument-1.0.3.tgz}
    dev: true

  /vscode-languageserver-types/3.16.0:
    resolution: {integrity: sha1-7POT/BIexpdLLaPvsxVWRMUU4kc=, tarball: vscode-languageserver-types/download/vscode-languageserver-types-3.16.0.tgz}
    dev: true

  /vscode-languageserver-types/3.17.0-next.6:
    resolution: {integrity: sha1-piRlpmVileJXszuQO9lM7VhGQCI=, tarball: vscode-languageserver-types/download/vscode-languageserver-types-3.17.0-next.6.tgz}
    dev: true

  /vscode-languageserver/8.0.0-next.6:
    resolution: {integrity: sha1-w0mh9uVscDRhMWHHmBjTZYexv18=, tarball: vscode-languageserver/download/vscode-languageserver-8.0.0-next.6.tgz}
    hasBin: true
    dependencies:
      vscode-languageserver-protocol: 3.17.0-next.12
    dev: true

  /vscode-nls/5.0.0:
    resolution: {integrity: sha1-mfDaC9nqfNpE5WWnTFSx8rwleEA=, tarball: vscode-nls/download/vscode-nls-5.0.0.tgz}
    dev: true

  /vscode-pug-languageservice/0.29.8:
    resolution: {integrity: sha1-PZX5dLwnPd2PWo+106yAZLLcY9E=, tarball: vscode-pug-languageservice/download/vscode-pug-languageservice-0.29.8.tgz}
    dependencies:
      '@volar/code-gen': 0.29.8
      '@volar/shared': 0.29.8
      '@volar/source-map': 0.29.8
      '@volar/transforms': 0.29.8
      pug-lexer: 5.0.1
      pug-parser: 6.0.0
      vscode-languageserver: 8.0.0-next.6
    dev: true

  /vscode-typescript-languageservice/0.29.8:
    resolution: {integrity: sha1-NwVy6Mmci4GQczpL/BtFxfkaoEQ=, tarball: vscode-typescript-languageservice/download/vscode-typescript-languageservice-0.29.8.tgz}
    dependencies:
      '@volar/shared': 0.29.8
      semver: 7.3.5
      upath: 2.0.1
      vscode-languageserver: 8.0.0-next.6
      vscode-languageserver-textdocument: 1.0.3
    dev: true

  /vscode-uri/2.1.2:
    resolution: {integrity: sha1-yNQN6T61evMfPHFd1lDiyiwJbxw=, tarball: vscode-uri/download/vscode-uri-2.1.2.tgz}
    dev: true

  /vscode-uri/3.0.3:
    resolution: {integrity: sha1-qVwc4ub0G3VJ+GJ50Z9HlR5PTYQ=, tarball: vscode-uri/download/vscode-uri-3.0.3.tgz}
    dev: true

  /vscode-vue-languageservice/0.29.8:
    resolution: {integrity: sha1-bVmqtPuUIVuZtvfQ4qtzur05jQU=, tarball: vscode-vue-languageservice/download/vscode-vue-languageservice-0.29.8.tgz}
    dependencies:
      '@volar/code-gen': 0.29.8
      '@volar/html2pug': 0.29.8
      '@volar/shared': 0.29.8
      '@volar/source-map': 0.29.8
      '@volar/transforms': 0.29.8
      '@volar/vue-code-gen': 0.29.8
      '@vscode/emmet-helper': 2.8.3
      '@vue/reactivity': 3.2.31
      '@vue/shared': 3.2.31
      request-light: 0.5.7
      upath: 2.0.1
      vscode-css-languageservice: 5.1.12
      vscode-html-languageservice: 4.2.1
      vscode-json-languageservice: 4.2.0
      vscode-languageserver: 8.0.0-next.6
      vscode-languageserver-textdocument: 1.0.3
      vscode-pug-languageservice: 0.29.8
      vscode-typescript-languageservice: 0.29.8
    dev: true

  /vue-demi/0.12.4_vue@3.2.31:
    resolution: {integrity: sha1-Qg3Rdij5Xxu84RAq08UQdHE6gEk=, tarball: vue-demi/download/vue-demi-0.12.4.tgz}
    engines: {node: '>=12'}
    hasBin: true
    requiresBuild: true
    peerDependencies:
      '@vue/composition-api': ^1.0.0-rc.1
      vue: ^3.0.0-0 || ^2.6.0
    dependencies:
      vue: 3.2.31
    dev: false

  /vue-tsc/0.29.8_typescript@4.5.5:
    resolution: {integrity: sha1-9NjeXdh1YQfIeEicz5F40tcv/0c=, tarball: vue-tsc/download/vue-tsc-0.29.8.tgz}
    hasBin: true
    peerDependencies:
      typescript: '*'
    dependencies:
      '@volar/shared': 0.29.8
      typescript: 4.5.5
      vscode-vue-languageservice: 0.29.8
    dev: true

  /vue/3.2.31:
    resolution: {integrity: sha1-4MSZJDNenxiDUoFniKTMoQ+BfOY=, tarball: vue/download/vue-3.2.31.tgz}
    dependencies:
      '@vue/compiler-dom': 3.2.31
      '@vue/compiler-sfc': 3.2.31
      '@vue/runtime-dom': 3.2.31
      '@vue/server-renderer': 3.2.31_vue@3.2.31
      '@vue/shared': 3.2.31
    dev: false

  /with/7.0.2:
    resolution: {integrity: sha1-zO461ULSVTinp6gKrSErmChJW6w=, tarball: with/download/with-7.0.2.tgz}
    engines: {node: '>= 10.0.0'}
    dependencies:
      '@babel/parser': 7.17.3
      '@babel/types': 7.17.0
      assert-never: 1.2.1
      babel-walk: 3.0.0-canary-5
    dev: true

  /yallist/4.0.0:
    resolution: {integrity: sha1-m7knkNnA7/7GO+c1GeEaNQGaOnI=, tarball: yallist/download/yallist-4.0.0.tgz}
    dev: true
